// !$*UTF8*$!
{
	archiveVersion = 1;
	classes = {
	};
	objectVersion = 77;
	objects = {

/* Begin PBXBuildFile section */
		C513E7F82E96E2FF002F958A /* DogGalleryFeature+Dependencies.swift in Sources */ = {isa = PBXBuildFile; fileRef = C513E7F62E96D815002F958A /* DogGalleryFeature+Dependencies.swift */; };
		C513E7F92E96E303002F958A /* DogGalleryFeature.swift in Sources */ = {isa = PBXBuildFile; fileRef = C513E7F72E96D81C002F958A /* DogGalleryFeature.swift */; };
		C513E7FC2E97A3EB002F958A /* DogGalleryFeatureTests.swift in Sources */ = {isa = PBXBuildFile; fileRef = C513E7FA2E97A37C002F958A /* DogGalleryFeatureTests.swift */; };
		C513E7FF2E97A973002F958A /* MockDogGalleryNetwork.swift in Sources */ = {isa = PBXBuildFile; fileRef = C513E7FE2E97A973002F958A /* MockDogGalleryNetwork.swift */; };
		C513E8012E97B648002F958A /* DogCardFeature.swift in Sources */ = {isa = PBXBuildFile; fileRef = C513E8002E97B648002F958A /* DogCardFeature.swift */; };
		C513E8032E97BBEC002F958A /* DogCardFeature+Dependencies.swift in Sources */ = {isa = PBXBuildFile; fileRef = C513E8022E97BBEC002F958A /* DogCardFeature+Dependencies.swift */; };
		C513E8062E97CD1C002F958A /* DogCardFeatureTests.swift in Sources */ = {isa = PBXBuildFile; fileRef = C513E8042E97CCF8002F958A /* DogCardFeatureTests.swift */; };
		C513E8082E97CDB7002F958A /* MockDogCardNetwork.swift in Sources */ = {isa = PBXBuildFile; fileRef = C513E8072E97CDB7002F958A /* MockDogCardNetwork.swift */; };
		C51AB3112E4A3093002149F3 /* GetBreedRandomImagesServerResponse.swift in Sources */ = {isa = PBXBuildFile; fileRef = C51AB3102E4A3093002149F3 /* GetBreedRandomImagesServerResponse.swift */; };
		C51AB3132E4A311B002149F3 /* DogGalleryContract.swift in Sources */ = {isa = PBXBuildFile; fileRef = C51AB3122E4A311B002149F3 /* DogGalleryContract.swift */; };
		C5296ABF2E93F20E00F22945 /* DogsListFeatureTests.swift in Sources */ = {isa = PBXBuildFile; fileRef = C5296ABE2E93F20E00F22945 /* DogsListFeatureTests.swift */; };
		C5296AC12E93F26000F22945 /* MockDogsListNetwork.swift in Sources */ = {isa = PBXBuildFile; fileRef = C5296AC02E93F26000F22945 /* MockDogsListNetwork.swift */; };
		C5296AC32E93F52100F22945 /* MockDogsListFavoriteStorage.swift in Sources */ = {isa = PBXBuildFile; fileRef = C5296AC22E93F52100F22945 /* MockDogsListFavoriteStorage.swift */; };
		C5296AC72E9411F800F22945 /* MockWatchFavoriteBreedsConnectivity.swift in Sources */ = {isa = PBXBuildFile; fileRef = C5296AC62E9411F800F22945 /* MockWatchFavoriteBreedsConnectivity.swift */; };
		C5296AC92E94138200F22945 /* MockFavoriteBreedsStorageInterface.swift in Sources */ = {isa = PBXBuildFile; fileRef = C5296AC82E94138200F22945 /* MockFavoriteBreedsStorageInterface.swift */; };
		C533A8C22E5603FB00EEE267 /* WatchSignInConnectivityInterface.swift in Sources */ = {isa = PBXBuildFile; fileRef = C533A8C12E5603FB00EEE267 /* WatchSignInConnectivityInterface.swift */; };
		C533A8C32E5603FB00EEE267 /* WatchSignInConnectivityInterface.swift in Sources */ = {isa = PBXBuildFile; fileRef = C533A8C12E5603FB00EEE267 /* WatchSignInConnectivityInterface.swift */; };
		C533A8C52E5631BC00EEE267 /* FavoriteBreedsSyncService.swift in Sources */ = {isa = PBXBuildFile; fileRef = C533A8C42E5631BC00EEE267 /* FavoriteBreedsSyncService.swift */; };
		C533A8C62E5631BC00EEE267 /* FavoriteBreedsSyncService.swift in Sources */ = {isa = PBXBuildFile; fileRef = C533A8C42E5631BC00EEE267 /* FavoriteBreedsSyncService.swift */; };
		C533A8C82E5633DE00EEE267 /* FavoriteBreedsPayload.swift in Sources */ = {isa = PBXBuildFile; fileRef = C533A8C72E5633DE00EEE267 /* FavoriteBreedsPayload.swift */; };
		C533A8C92E5633DE00EEE267 /* FavoriteBreedsPayload.swift in Sources */ = {isa = PBXBuildFile; fileRef = C533A8C72E5633DE00EEE267 /* FavoriteBreedsPayload.swift */; };
		C533A8CB2E5634B600EEE267 /* FavoriteBreedsStorageInterface.swift in Sources */ = {isa = PBXBuildFile; fileRef = C533A8CA2E5634B600EEE267 /* FavoriteBreedsStorageInterface.swift */; };
		C533A8CC2E5634B600EEE267 /* FavoriteBreedsStorageInterface.swift in Sources */ = {isa = PBXBuildFile; fileRef = C533A8CA2E5634B600EEE267 /* FavoriteBreedsStorageInterface.swift */; };
		C5447CFC2E950A92007446D7 /* ForgotPasswordFeature.swift in Sources */ = {isa = PBXBuildFile; fileRef = C5447CFB2E950A92007446D7 /* ForgotPasswordFeature.swift */; };
		C5447CFE2E950B9E007446D7 /* ForgotPasswordEnvironment.swift in Sources */ = {isa = PBXBuildFile; fileRef = C5447CFD2E950B9E007446D7 /* ForgotPasswordEnvironment.swift */; };
		C549FEDE2E4129A1003E3C99 /* AppRouter in Frameworks */ = {isa = PBXBuildFile; productRef = C549FEDD2E4129A1003E3C99 /* AppRouter */; };
		C56E6B822E4F89480064490A /* GalleryCellView.swift in Sources */ = {isa = PBXBuildFile; fileRef = C56E6B812E4F89480064490A /* GalleryCellView.swift */; };
		C57E23CB2E97D05100C2513E /* SimpleDataLoader.swift in Sources */ = {isa = PBXBuildFile; fileRef = C57E23CA2E97D05100C2513E /* SimpleDataLoader.swift */; };
		C57E23CD2E97D24000C2513E /* MockDogCardURLSession.swift in Sources */ = {isa = PBXBuildFile; fileRef = C57E23CC2E97D24000C2513E /* MockDogCardURLSession.swift */; };
		C57E23CF2E9918ED00C2513E /* PhotoLibraryService.swift in Sources */ = {isa = PBXBuildFile; fileRef = C57E23CE2E9918ED00C2513E /* PhotoLibraryService.swift */; };
		C57E23D12E99254000C2513E /* MockDogCardPhotoLibraryInterface.swift in Sources */ = {isa = PBXBuildFile; fileRef = C57E23D02E99254000C2513E /* MockDogCardPhotoLibraryInterface.swift */; };
		C57FC69D2E4D19D3005A8991 /* CachedAsyncImage in Frameworks */ = {isa = PBXBuildFile; productRef = C57FC69C2E4D19D3005A8991 /* CachedAsyncImage */; };
		C57FC69F2E4DDA23005A8991 /* DogDetailsView+Extensions.swift in Sources */ = {isa = PBXBuildFile; fileRef = C57FC69E2E4DDA23005A8991 /* DogDetailsView+Extensions.swift */; };
		C57FC6A12E4E41AF005A8991 /* AnimationDuration.swift in Sources */ = {isa = PBXBuildFile; fileRef = C57FC6A02E4E41AF005A8991 /* AnimationDuration.swift */; };
		C596B5BB2E57513D0071A932 /* WatchFavoriteBreedsConnectivity.swift in Sources */ = {isa = PBXBuildFile; fileRef = C596B5BA2E57513D0071A932 /* WatchFavoriteBreedsConnectivity.swift */; };
		C596B5BC2E57513D0071A932 /* WatchFavoriteBreedsConnectivity.swift in Sources */ = {isa = PBXBuildFile; fileRef = C596B5BA2E57513D0071A932 /* WatchFavoriteBreedsConnectivity.swift */; };
		C5984F482E8E866A000BFEA3 /* ComposableArchitecture in Frameworks */ = {isa = PBXBuildFile; productRef = C5984F472E8E866A000BFEA3 /* ComposableArchitecture */; };
		C5984F492E8E86A2000BFEA3 /* StartFeature.swift in Sources */ = {isa = PBXBuildFile; fileRef = C5CB77662E8E6F2400F14960 /* StartFeature.swift */; };
		C5984F4A2E8E86A6000BFEA3 /* StartFeature+Dependencies.swift in Sources */ = {isa = PBXBuildFile; fileRef = C5CB77692E8E7B5700F14960 /* StartFeature+Dependencies.swift */; };
		C5984F4B2E8E870F000BFEA3 /* SignInViewContract.swift in Sources */ = {isa = PBXBuildFile; fileRef = C5B273442E54BDDB00B42907 /* SignInViewContract.swift */; };
		C5984F7F2E8FE0CA000BFEA3 /* StartFeatureTests.swift in Sources */ = {isa = PBXBuildFile; fileRef = C5984F7E2E8FE0CA000BFEA3 /* StartFeatureTests.swift */; };
		C5984F802E8FE0F5000BFEA3 /* MockUserCredentialsFetching.swift in Sources */ = {isa = PBXBuildFile; fileRef = C5984F602E8FC853000BFEA3 /* MockUserCredentialsFetching.swift */; };
		C5984F812E8FE100000BFEA3 /* MockFavoriteBreedsSyncService.swift in Sources */ = {isa = PBXBuildFile; fileRef = C5984F632E8FDA38000BFEA3 /* MockFavoriteBreedsSyncService.swift */; };
		C5984F822E8FE108000BFEA3 /* MockPhoneSignInConnectivityService.swift in Sources */ = {isa = PBXBuildFile; fileRef = C5984F662E8FDE13000BFEA3 /* MockPhoneSignInConnectivityService.swift */; };
		C5984F842E903F76000BFEA3 /* SignInFeature.swift in Sources */ = {isa = PBXBuildFile; fileRef = C5984F832E903F76000BFEA3 /* SignInFeature.swift */; };
		C5984F862E904FAF000BFEA3 /* SignInFeature+Dependencies.swift in Sources */ = {isa = PBXBuildFile; fileRef = C5984F852E904FAF000BFEA3 /* SignInFeature+Dependencies.swift */; };
		C5A49F632E912BB300C3BFA0 /* SignInEnvironment.swift in Sources */ = {isa = PBXBuildFile; fileRef = C5A49F622E912BB300C3BFA0 /* SignInEnvironment.swift */; };
		C5A49F652E912C0500C3BFA0 /* SignInCredentials.swift in Sources */ = {isa = PBXBuildFile; fileRef = C5A49F642E912C0500C3BFA0 /* SignInCredentials.swift */; };
		C5A49F662E912C0500C3BFA0 /* SignInCredentials.swift in Sources */ = {isa = PBXBuildFile; fileRef = C5A49F642E912C0500C3BFA0 /* SignInCredentials.swift */; };
		C5A49F6E2E913AF900C3BFA0 /* SignInFeatureTests.swift in Sources */ = {isa = PBXBuildFile; fileRef = C5A49F6D2E913AF900C3BFA0 /* SignInFeatureTests.swift */; };
		C5A49F702E913B3F00C3BFA0 /* MockUserCredentialsUpdating.swift in Sources */ = {isa = PBXBuildFile; fileRef = C5A49F6F2E913B3F00C3BFA0 /* MockUserCredentialsUpdating.swift */; };
		C5A49F732E91718600C3BFA0 /* DogsListFeature.swift in Sources */ = {isa = PBXBuildFile; fileRef = C5A49F722E91718600C3BFA0 /* DogsListFeature.swift */; };
		C5A49F742E91718600C3BFA0 /* DogsListFeature.swift in Sources */ = {isa = PBXBuildFile; fileRef = C5A49F722E91718600C3BFA0 /* DogsListFeature.swift */; };
		C5A49F792E9183FA00C3BFA0 /* DogsListFeature+Dependencies.swift in Sources */ = {isa = PBXBuildFile; fileRef = C5A49F782E9183FA00C3BFA0 /* DogsListFeature+Dependencies.swift */; };
		C5A49F7A2E9183FA00C3BFA0 /* DogsListFeature+Dependencies.swift in Sources */ = {isa = PBXBuildFile; fileRef = C5A49F782E9183FA00C3BFA0 /* DogsListFeature+Dependencies.swift */; };
		C5A49F7C2E92629700C3BFA0 /* DogsListFilter.swift in Sources */ = {isa = PBXBuildFile; fileRef = C5A49F7B2E92629700C3BFA0 /* DogsListFilter.swift */; };
		C5A49F7D2E92629700C3BFA0 /* DogsListFilter.swift in Sources */ = {isa = PBXBuildFile; fileRef = C5A49F7B2E92629700C3BFA0 /* DogsListFilter.swift */; };
		C5B273432E54B6B700B42907 /* Assets.xcassets in Resources */ = {isa = PBXBuildFile; fileRef = C5CD423D2E43AF29005CE23B /* Assets.xcassets */; };
		C5B273452E54BDDB00B42907 /* SignInViewContract.swift in Sources */ = {isa = PBXBuildFile; fileRef = C5B273442E54BDDB00B42907 /* SignInViewContract.swift */; };
		C5B2734B2E54CED300B42907 /* DogsListContract.swift in Sources */ = {isa = PBXBuildFile; fileRef = C5CD42712E43AFE0005CE23B /* DogsListContract.swift */; };
		C5B2734C2E54CED300B42907 /* LoadingDogRowView.swift in Sources */ = {isa = PBXBuildFile; fileRef = C5CD42772E43C542005CE23B /* LoadingDogRowView.swift */; };
		C5B2734E2E54CED300B42907 /* DogsListView.swift in Sources */ = {isa = PBXBuildFile; fileRef = C5CD42172E43AF29005CE23B /* DogsListView.swift */; };
		C5B2734F2E54CED300B42907 /* DogRowView.swift in Sources */ = {isa = PBXBuildFile; fileRef = C5CD42162E43AF29005CE23B /* DogRowView.swift */; };
		C5B273502E54CEF100B42907 /* DogsNetworkService.swift in Sources */ = {isa = PBXBuildFile; fileRef = C5CD42262E43AF29005CE23B /* DogsNetworkService.swift */; };
		C5B273512E54CEF800B42907 /* FavoriteDogBreedsStorage.swift in Sources */ = {isa = PBXBuildFile; fileRef = C5CD42732E43B182005CE23B /* FavoriteDogBreedsStorage.swift */; };
		C5B273522E54CF1600B42907 /* HTTPMethod.swift in Sources */ = {isa = PBXBuildFile; fileRef = C5CD422C2E43AF29005CE23B /* HTTPMethod.swift */; };
		C5B273532E54CF1600B42907 /* NetworkError.swift in Sources */ = {isa = PBXBuildFile; fileRef = C5CD422E2E43AF29005CE23B /* NetworkError.swift */; };
		C5B273542E54CF1600B42907 /* NetworkService.swift in Sources */ = {isa = PBXBuildFile; fileRef = C5CD422F2E43AF29005CE23B /* NetworkService.swift */; };
		C5B273552E54CF1600B42907 /* HTTPTask.swift in Sources */ = {isa = PBXBuildFile; fileRef = C5CD422D2E43AF29005CE23B /* HTTPTask.swift */; };
		C5B273562E54CF1B00B42907 /* GetBreedRandomImagesServerResponse.swift in Sources */ = {isa = PBXBuildFile; fileRef = C51AB3102E4A3093002149F3 /* GetBreedRandomImagesServerResponse.swift */; };
		C5B273572E54CF1B00B42907 /* GetAllDogsServerResponse.swift in Sources */ = {isa = PBXBuildFile; fileRef = C5CD42292E43AF29005CE23B /* GetAllDogsServerResponse.swift */; };
		C5B273582E54CF1B00B42907 /* BaseResponse.swift in Sources */ = {isa = PBXBuildFile; fileRef = C5CD42282E43AF29005CE23B /* BaseResponse.swift */; };
		C5B273592E54CF1B00B42907 /* GetRandomDogImageServerResponse.swift in Sources */ = {isa = PBXBuildFile; fileRef = C5CD422A2E43AF29005CE23B /* GetRandomDogImageServerResponse.swift */; };
		C5B2735A2E54CF2100B42907 /* Endpoint.swift in Sources */ = {isa = PBXBuildFile; fileRef = C5CD42242E43AF29005CE23B /* Endpoint.swift */; };
		C5B2735B2E54CF2100B42907 /* DogsEndpoint.swift in Sources */ = {isa = PBXBuildFile; fileRef = C5CD42232E43AF29005CE23B /* DogsEndpoint.swift */; };
		C5B2735C2E54CF3600B42907 /* FavoriteDogBreedsStoring.swift in Sources */ = {isa = PBXBuildFile; fileRef = C5CD42752E43B1A8005CE23B /* FavoriteDogBreedsStoring.swift */; };
		C5B2735D2E54CF7200B42907 /* SeparatorView.swift in Sources */ = {isa = PBXBuildFile; fileRef = C5CD42432E43AF29005CE23B /* SeparatorView.swift */; };
		C5B2735E2E54CF7200B42907 /* FavoriteButton.swift in Sources */ = {isa = PBXBuildFile; fileRef = C5CD42422E43AF29005CE23B /* FavoriteButton.swift */; };
		C5B273612E54ED1F00B42907 /* DogDetailsView.swift in Sources */ = {isa = PBXBuildFile; fileRef = C5B273602E54ED1F00B42907 /* DogDetailsView.swift */; };
		C5B273632E54ED2500B42907 /* DogDetailsView+ViewModel.swift in Sources */ = {isa = PBXBuildFile; fileRef = C5B273622E54ED2500B42907 /* DogDetailsView+ViewModel.swift */; };
		C5B273642E54F9F500B42907 /* DogDetailsContract.swift in Sources */ = {isa = PBXBuildFile; fileRef = C5BC763A2E4502B5007D70F1 /* DogDetailsContract.swift */; };
		C5BC76372E44FDA3007D70F1 /* DogDetailsView.swift in Sources */ = {isa = PBXBuildFile; fileRef = C5BC76362E44FDA3007D70F1 /* DogDetailsView.swift */; };
		C5BC76392E44FFEA007D70F1 /* DogDetailsView+ViewModel.swift in Sources */ = {isa = PBXBuildFile; fileRef = C5BC76382E44FFEA007D70F1 /* DogDetailsView+ViewModel.swift */; };
		C5BC763B2E4502B5007D70F1 /* DogDetailsContract.swift in Sources */ = {isa = PBXBuildFile; fileRef = C5BC763A2E4502B5007D70F1 /* DogDetailsContract.swift */; };
		C5BC763D2E451E8A007D70F1 /* DogsRouting.swift in Sources */ = {isa = PBXBuildFile; fileRef = C5BC763C2E451E8A007D70F1 /* DogsRouting.swift */; };
		C5C739DC2E5991EA00C517A9 /* WatchNiceDemo-Watch-App-Info.plist in Resources */ = {isa = PBXBuildFile; fileRef = C5C739DB2E5991EA00C517A9 /* WatchNiceDemo-Watch-App-Info.plist */; };
		C5CB77652E8DA63700F14960 /* ComposableArchitecture in Frameworks */ = {isa = PBXBuildFile; productRef = C5CB77642E8DA63700F14960 /* ComposableArchitecture */; };
		C5CB77682E8E6F2400F14960 /* StartFeature.swift in Sources */ = {isa = PBXBuildFile; fileRef = C5CB77662E8E6F2400F14960 /* StartFeature.swift */; };
		C5CB776A2E8E7B5700F14960 /* StartFeature+Dependencies.swift in Sources */ = {isa = PBXBuildFile; fileRef = C5CB77692E8E7B5700F14960 /* StartFeature+Dependencies.swift */; };
		C5CD42482E43AF29005CE23B /* Paperlogy-Bold.ttf in Resources */ = {isa = PBXBuildFile; fileRef = C5CD42372E43AF29005CE23B /* Paperlogy-Bold.ttf */; };
		C5CD42492E43AF29005CE23B /* Paperlogy-Medium.ttf in Resources */ = {isa = PBXBuildFile; fileRef = C5CD42382E43AF29005CE23B /* Paperlogy-Medium.ttf */; };
		C5CD424A2E43AF29005CE23B /* Paperlogy-Regular.ttf in Resources */ = {isa = PBXBuildFile; fileRef = C5CD42392E43AF29005CE23B /* Paperlogy-Regular.ttf */; };
		C5CD424B2E43AF29005CE23B /* Paperlogy-SemiBold.ttf in Resources */ = {isa = PBXBuildFile; fileRef = C5CD423A2E43AF29005CE23B /* Paperlogy-SemiBold.ttf */; };
		C5CD424C2E43AF29005CE23B /* Assets.xcassets in Resources */ = {isa = PBXBuildFile; fileRef = C5CD423D2E43AF29005CE23B /* Assets.xcassets */; };
		C5CD424E2E43AF29005CE23B /* AppRootManager.swift in Sources */ = {isa = PBXBuildFile; fileRef = C5CD42092E43AF29005CE23B /* AppRootManager.swift */; };
		C5CD424F2E43AF29005CE23B /* AuthRouting.swift in Sources */ = {isa = PBXBuildFile; fileRef = C5CD420A2E43AF29005CE23B /* AuthRouting.swift */; };
		C5CD42502E43AF29005CE23B /* Color+Extension.swift in Sources */ = {isa = PBXBuildFile; fileRef = C5CD420C2E43AF29005CE23B /* Color+Extension.swift */; };
		C5CD42512E43AF29005CE23B /* Dog.swift in Sources */ = {isa = PBXBuildFile; fileRef = C5CD420E2E43AF29005CE23B /* Dog.swift */; };
		C5CD42522E43AF29005CE23B /* ForgotPasswordView.swift in Sources */ = {isa = PBXBuildFile; fileRef = C5CD42102E43AF29005CE23B /* ForgotPasswordView.swift */; };
		C5CD42532E43AF29005CE23B /* SignInView.swift in Sources */ = {isa = PBXBuildFile; fileRef = C5CD42122E43AF29005CE23B /* SignInView.swift */; };
		C5CD42552E43AF29005CE23B /* DogRowView.swift in Sources */ = {isa = PBXBuildFile; fileRef = C5CD42162E43AF29005CE23B /* DogRowView.swift */; };
		C5CD42562E43AF29005CE23B /* DogsListView.swift in Sources */ = {isa = PBXBuildFile; fileRef = C5CD42172E43AF29005CE23B /* DogsListView.swift */; };
		C5CD42572E43AF29005CE23B /* StartView.swift in Sources */ = {isa = PBXBuildFile; fileRef = C5CD42192E43AF29005CE23B /* StartView.swift */; };
		C5CD42592E43AF29005CE23B /* UserCredentialsStorage+Interfaces.swift in Sources */ = {isa = PBXBuildFile; fileRef = C5CD421D2E43AF29005CE23B /* UserCredentialsStorage+Interfaces.swift */; };
		C5CD425A2E43AF29005CE23B /* UserCredentialsStoring.swift in Sources */ = {isa = PBXBuildFile; fileRef = C5CD421E2E43AF29005CE23B /* UserCredentialsStoring.swift */; };
		C5CD425B2E43AF29005CE23B /* UserCredentialsStorage.swift in Sources */ = {isa = PBXBuildFile; fileRef = C5CD42202E43AF29005CE23B /* UserCredentialsStorage.swift */; };
		C5CD425C2E43AF29005CE23B /* UserDefaultsLayer.swift in Sources */ = {isa = PBXBuildFile; fileRef = C5CD42212E43AF29005CE23B /* UserDefaultsLayer.swift */; };
		C5CD425D2E43AF29005CE23B /* DogsEndpoint.swift in Sources */ = {isa = PBXBuildFile; fileRef = C5CD42232E43AF29005CE23B /* DogsEndpoint.swift */; };
		C5CD425E2E43AF29005CE23B /* Endpoint.swift in Sources */ = {isa = PBXBuildFile; fileRef = C5CD42242E43AF29005CE23B /* Endpoint.swift */; };
		C5CD425F2E43AF29005CE23B /* DogsNetworkService.swift in Sources */ = {isa = PBXBuildFile; fileRef = C5CD42262E43AF29005CE23B /* DogsNetworkService.swift */; };
		C5CD42602E43AF29005CE23B /* BaseResponse.swift in Sources */ = {isa = PBXBuildFile; fileRef = C5CD42282E43AF29005CE23B /* BaseResponse.swift */; };
		C5CD42612E43AF29005CE23B /* GetAllDogsServerResponse.swift in Sources */ = {isa = PBXBuildFile; fileRef = C5CD42292E43AF29005CE23B /* GetAllDogsServerResponse.swift */; };
		C5CD42622E43AF29005CE23B /* GetRandomDogImageServerResponse.swift in Sources */ = {isa = PBXBuildFile; fileRef = C5CD422A2E43AF29005CE23B /* GetRandomDogImageServerResponse.swift */; };
		C5CD42632E43AF29005CE23B /* HTTPMethod.swift in Sources */ = {isa = PBXBuildFile; fileRef = C5CD422C2E43AF29005CE23B /* HTTPMethod.swift */; };
		C5CD42642E43AF29005CE23B /* HTTPTask.swift in Sources */ = {isa = PBXBuildFile; fileRef = C5CD422D2E43AF29005CE23B /* HTTPTask.swift */; };
		C5CD42652E43AF29005CE23B /* NetworkError.swift in Sources */ = {isa = PBXBuildFile; fileRef = C5CD422E2E43AF29005CE23B /* NetworkError.swift */; };
		C5CD42662E43AF29005CE23B /* NetworkService.swift in Sources */ = {isa = PBXBuildFile; fileRef = C5CD422F2E43AF29005CE23B /* NetworkService.swift */; };
		C5CD42672E43AF29005CE23B /* Validator.swift in Sources */ = {isa = PBXBuildFile; fileRef = C5CD42322E43AF29005CE23B /* Validator.swift */; };
		C5CD42682E43AF29005CE23B /* Colors.swift in Sources */ = {isa = PBXBuildFile; fileRef = C5CD42342E43AF29005CE23B /* Colors.swift */; };
		C5CD42692E43AF29005CE23B /* Font+Paperlogy.swift in Sources */ = {isa = PBXBuildFile; fileRef = C5CD42362E43AF29005CE23B /* Font+Paperlogy.swift */; };
		C5CD426A2E43AF29005CE23B /* Constants.swift in Sources */ = {isa = PBXBuildFile; fileRef = C5CD423F2E43AF29005CE23B /* Constants.swift */; };
		C5CD426B2E43AF29005CE23B /* GridLayout.swift in Sources */ = {isa = PBXBuildFile; fileRef = C5CD42402E43AF29005CE23B /* GridLayout.swift */; };
		C5CD426C2E43AF29005CE23B /* FavoriteButton.swift in Sources */ = {isa = PBXBuildFile; fileRef = C5CD42422E43AF29005CE23B /* FavoriteButton.swift */; };
		C5CD426D2E43AF29005CE23B /* SeparatorView.swift in Sources */ = {isa = PBXBuildFile; fileRef = C5CD42432E43AF29005CE23B /* SeparatorView.swift */; };
		C5CD426E2E43AF29005CE23B /* NiceDemo_SwiftUIApp.swift in Sources */ = {isa = PBXBuildFile; fileRef = C5CD42462E43AF29005CE23B /* NiceDemo_SwiftUIApp.swift */; };
		C5CD42722E43AFE0005CE23B /* DogsListContract.swift in Sources */ = {isa = PBXBuildFile; fileRef = C5CD42712E43AFE0005CE23B /* DogsListContract.swift */; };
		C5CD42742E43B182005CE23B /* FavoriteDogBreedsStorage.swift in Sources */ = {isa = PBXBuildFile; fileRef = C5CD42732E43B182005CE23B /* FavoriteDogBreedsStorage.swift */; };
		C5CD42762E43B1A8005CE23B /* FavoriteDogBreedsStoring.swift in Sources */ = {isa = PBXBuildFile; fileRef = C5CD42752E43B1A8005CE23B /* FavoriteDogBreedsStoring.swift */; };
		C5CD42782E43C542005CE23B /* LoadingDogRowView.swift in Sources */ = {isa = PBXBuildFile; fileRef = C5CD42772E43C542005CE23B /* LoadingDogRowView.swift */; };
		C5D8873B2E4881FA00169957 /* DogCardView.swift in Sources */ = {isa = PBXBuildFile; fileRef = C5D8873A2E4881FA00169957 /* DogCardView.swift */; };
		C5D8873F2E4885D400169957 /* DogCardContract.swift in Sources */ = {isa = PBXBuildFile; fileRef = C5D8873E2E4885D400169957 /* DogCardContract.swift */; };
		C5D887412E48873100169957 /* SegmentedUnderlineTabs.swift in Sources */ = {isa = PBXBuildFile; fileRef = C5D887402E48873100169957 /* SegmentedUnderlineTabs.swift */; };
		C5D887432E488BED00169957 /* DogGalleryView.swift in Sources */ = {isa = PBXBuildFile; fileRef = C5D887422E488BED00169957 /* DogGalleryView.swift */; };
		C5EAAEBE2E539AB600E196CD /* WatchNiceDemo Watch App.app in Embed Watch Content */ = {isa = PBXBuildFile; fileRef = C5EAAEB42E539AB400E196CD /* WatchNiceDemo Watch App.app */; settings = {ATTRIBUTES = (RemoveHeadersOnCopy, ); }; };
		C5EAAEC92E539ACC00E196CD /* Assets.xcassets in Resources */ = {isa = PBXBuildFile; fileRef = C5EAAEC32E539ACC00E196CD /* Assets.xcassets */; };
		C5EAAECA2E539C4400E196CD /* NiceDemo_SwiftUIApp.swift in Sources */ = {isa = PBXBuildFile; fileRef = C5CD42462E43AF29005CE23B /* NiceDemo_SwiftUIApp.swift */; };
		C5EAAECC2E539C8000E196CD /* Font+Paperlogy.swift in Sources */ = {isa = PBXBuildFile; fileRef = C5CD42362E43AF29005CE23B /* Font+Paperlogy.swift */; };
		C5EAAECD2E539C8000E196CD /* Paperlogy-Regular.ttf in Resources */ = {isa = PBXBuildFile; fileRef = C5CD42392E43AF29005CE23B /* Paperlogy-Regular.ttf */; };
		C5EAAECE2E539C8000E196CD /* Paperlogy-Medium.ttf in Resources */ = {isa = PBXBuildFile; fileRef = C5CD42382E43AF29005CE23B /* Paperlogy-Medium.ttf */; };
		C5EAAECF2E539C8000E196CD /* Paperlogy-SemiBold.ttf in Resources */ = {isa = PBXBuildFile; fileRef = C5CD423A2E43AF29005CE23B /* Paperlogy-SemiBold.ttf */; };
		C5EAAED02E539C8000E196CD /* Paperlogy-Bold.ttf in Resources */ = {isa = PBXBuildFile; fileRef = C5CD42372E43AF29005CE23B /* Paperlogy-Bold.ttf */; };
		C5EAAED12E539C8600E196CD /* Colors.swift in Sources */ = {isa = PBXBuildFile; fileRef = C5CD42342E43AF29005CE23B /* Colors.swift */; };
		C5EAAED22E539C9800E196CD /* Constants.swift in Sources */ = {isa = PBXBuildFile; fileRef = C5CD423F2E43AF29005CE23B /* Constants.swift */; };
		C5EAAED32E539C9800E196CD /* GridLayout.swift in Sources */ = {isa = PBXBuildFile; fileRef = C5CD42402E43AF29005CE23B /* GridLayout.swift */; };
		C5EAAED42E539C9800E196CD /* AnimationDuration.swift in Sources */ = {isa = PBXBuildFile; fileRef = C57FC6A02E4E41AF005A8991 /* AnimationDuration.swift */; };
		C5EAAED52E539CA600E196CD /* DogsRouting.swift in Sources */ = {isa = PBXBuildFile; fileRef = C5BC763C2E451E8A007D70F1 /* DogsRouting.swift */; };
		C5EAAED62E539CA600E196CD /* AppRootManager.swift in Sources */ = {isa = PBXBuildFile; fileRef = C5CD42092E43AF29005CE23B /* AppRootManager.swift */; };
		C5EAAED72E539CAA00E196CD /* Color+Extension.swift in Sources */ = {isa = PBXBuildFile; fileRef = C5CD420C2E43AF29005CE23B /* Color+Extension.swift */; };
		C5EAAEDA2E539CE200E196CD /* AppRouter in Frameworks */ = {isa = PBXBuildFile; productRef = C5EAAED92E539CE200E196CD /* AppRouter */; };
		C5EAAEDC2E539CE200E196CD /* CachedAsyncImage in Frameworks */ = {isa = PBXBuildFile; productRef = C5EAAEDB2E539CE200E196CD /* CachedAsyncImage */; };
		C5EAAEDD2E539CFC00E196CD /* Dog.swift in Sources */ = {isa = PBXBuildFile; fileRef = C5CD420E2E43AF29005CE23B /* Dog.swift */; };
		C5EAAEDE2E539D9F00E196CD /* AuthRouting.swift in Sources */ = {isa = PBXBuildFile; fileRef = C5CD420A2E43AF29005CE23B /* AuthRouting.swift */; };
		C5EAAEE32E539DC100E196CD /* SignInView.swift in Sources */ = {isa = PBXBuildFile; fileRef = C5EAAEE22E539DC100E196CD /* SignInView.swift */; };
		C5EAAEEA2E539ECB00E196CD /* UserCredentialsStorage.swift in Sources */ = {isa = PBXBuildFile; fileRef = C5CD42202E43AF29005CE23B /* UserCredentialsStorage.swift */; };
		C5EAAEEB2E539ED600E196CD /* UserDefaultsLayer.swift in Sources */ = {isa = PBXBuildFile; fileRef = C5CD42212E43AF29005CE23B /* UserDefaultsLayer.swift */; };
		C5EAAEEC2E539EDF00E196CD /* UserCredentialsStoring.swift in Sources */ = {isa = PBXBuildFile; fileRef = C5CD421E2E43AF29005CE23B /* UserCredentialsStoring.swift */; };
		C5EAAEEE2E539F0E00E196CD /* UserCredentialsStorage+Interfaces.swift in Sources */ = {isa = PBXBuildFile; fileRef = C5CD421D2E43AF29005CE23B /* UserCredentialsStorage+Interfaces.swift */; };
		C5EAAEEF2E539F2F00E196CD /* StartView.swift in Sources */ = {isa = PBXBuildFile; fileRef = C5CD42192E43AF29005CE23B /* StartView.swift */; };
		C5EAAEF22E53ABC200E196CD /* SignInView+ViewModel.swift in Sources */ = {isa = PBXBuildFile; fileRef = C5EAAEF12E53ABC200E196CD /* SignInView+ViewModel.swift */; };
		C5EAAEF42E53AD0F00E196CD /* WCService.swift in Sources */ = {isa = PBXBuildFile; fileRef = C5EAAEF32E53AD0F00E196CD /* WCService.swift */; };
		C5EAAEF52E53AD0F00E196CD /* WCService.swift in Sources */ = {isa = PBXBuildFile; fileRef = C5EAAEF32E53AD0F00E196CD /* WCService.swift */; };
/* End PBXBuildFile section */

/* Begin PBXContainerItemProxy section */
		C5984F712E8FE05A000BFEA3 /* PBXContainerItemProxy */ = {
			isa = PBXContainerItemProxy;
			containerPortal = C549FE992E41156F003E3C99 /* Project object */;
			proxyType = 1;
			remoteGlobalIDString = C549FEA02E41156F003E3C99;
			remoteInfo = "NiceDemo-SwiftUI";
		};
		C5EAAEBC2E539AB600E196CD /* PBXContainerItemProxy */ = {
			isa = PBXContainerItemProxy;
			containerPortal = C549FE992E41156F003E3C99 /* Project object */;
			proxyType = 1;
			remoteGlobalIDString = C5EAAEB32E539AB400E196CD;
			remoteInfo = "WatchNiceDemo Watch App";
		};
/* End PBXContainerItemProxy section */

/* Begin PBXCopyFilesBuildPhase section */
		C5EAAEBF2E539AB600E196CD /* Embed Watch Content */ = {
			isa = PBXCopyFilesBuildPhase;
			buildActionMask = 2147483647;
			dstPath = "$(CONTENTS_FOLDER_PATH)/Watch";
			dstSubfolderSpec = 16;
			files = (
				C5EAAEBE2E539AB600E196CD /* WatchNiceDemo Watch App.app in Embed Watch Content */,
			);
			name = "Embed Watch Content";
			runOnlyForDeploymentPostprocessing = 0;
		};
/* End PBXCopyFilesBuildPhase section */

/* Begin PBXFileReference section */
		C513E7F62E96D815002F958A /* DogGalleryFeature+Dependencies.swift */ = {isa = PBXFileReference; lastKnownFileType = sourcecode.swift; path = "DogGalleryFeature+Dependencies.swift"; sourceTree = "<group>"; };
		C513E7F72E96D81C002F958A /* DogGalleryFeature.swift */ = {isa = PBXFileReference; lastKnownFileType = sourcecode.swift; path = DogGalleryFeature.swift; sourceTree = "<group>"; };
		C513E7FA2E97A37C002F958A /* DogGalleryFeatureTests.swift */ = {isa = PBXFileReference; lastKnownFileType = sourcecode.swift; path = DogGalleryFeatureTests.swift; sourceTree = "<group>"; };
		C513E7FE2E97A973002F958A /* MockDogGalleryNetwork.swift */ = {isa = PBXFileReference; lastKnownFileType = sourcecode.swift; path = MockDogGalleryNetwork.swift; sourceTree = "<group>"; };
		C513E8002E97B648002F958A /* DogCardFeature.swift */ = {isa = PBXFileReference; lastKnownFileType = sourcecode.swift; path = DogCardFeature.swift; sourceTree = "<group>"; };
		C513E8022E97BBEC002F958A /* DogCardFeature+Dependencies.swift */ = {isa = PBXFileReference; lastKnownFileType = sourcecode.swift; path = "DogCardFeature+Dependencies.swift"; sourceTree = "<group>"; };
		C513E8042E97CCF8002F958A /* DogCardFeatureTests.swift */ = {isa = PBXFileReference; lastKnownFileType = sourcecode.swift; path = DogCardFeatureTests.swift; sourceTree = "<group>"; };
		C513E8072E97CDB7002F958A /* MockDogCardNetwork.swift */ = {isa = PBXFileReference; lastKnownFileType = sourcecode.swift; path = MockDogCardNetwork.swift; sourceTree = "<group>"; };
		C51AB3102E4A3093002149F3 /* GetBreedRandomImagesServerResponse.swift */ = {isa = PBXFileReference; lastKnownFileType = sourcecode.swift; path = GetBreedRandomImagesServerResponse.swift; sourceTree = "<group>"; };
		C51AB3122E4A311B002149F3 /* DogGalleryContract.swift */ = {isa = PBXFileReference; lastKnownFileType = sourcecode.swift; path = DogGalleryContract.swift; sourceTree = "<group>"; };
		C5296ABE2E93F20E00F22945 /* DogsListFeatureTests.swift */ = {isa = PBXFileReference; lastKnownFileType = sourcecode.swift; path = DogsListFeatureTests.swift; sourceTree = "<group>"; };
		C5296AC02E93F26000F22945 /* MockDogsListNetwork.swift */ = {isa = PBXFileReference; lastKnownFileType = sourcecode.swift; path = MockDogsListNetwork.swift; sourceTree = "<group>"; };
		C5296AC22E93F52100F22945 /* MockDogsListFavoriteStorage.swift */ = {isa = PBXFileReference; lastKnownFileType = sourcecode.swift; path = MockDogsListFavoriteStorage.swift; sourceTree = "<group>"; };
		C5296AC62E9411F800F22945 /* MockWatchFavoriteBreedsConnectivity.swift */ = {isa = PBXFileReference; lastKnownFileType = sourcecode.swift; path = MockWatchFavoriteBreedsConnectivity.swift; sourceTree = "<group>"; };
		C5296AC82E94138200F22945 /* MockFavoriteBreedsStorageInterface.swift */ = {isa = PBXFileReference; lastKnownFileType = sourcecode.swift; path = MockFavoriteBreedsStorageInterface.swift; sourceTree = "<group>"; };
		C533A8C12E5603FB00EEE267 /* WatchSignInConnectivityInterface.swift */ = {isa = PBXFileReference; lastKnownFileType = sourcecode.swift; path = WatchSignInConnectivityInterface.swift; sourceTree = "<group>"; };
		C533A8C42E5631BC00EEE267 /* FavoriteBreedsSyncService.swift */ = {isa = PBXFileReference; lastKnownFileType = sourcecode.swift; path = FavoriteBreedsSyncService.swift; sourceTree = "<group>"; };
		C533A8C72E5633DE00EEE267 /* FavoriteBreedsPayload.swift */ = {isa = PBXFileReference; lastKnownFileType = sourcecode.swift; path = FavoriteBreedsPayload.swift; sourceTree = "<group>"; };
		C533A8CA2E5634B600EEE267 /* FavoriteBreedsStorageInterface.swift */ = {isa = PBXFileReference; lastKnownFileType = sourcecode.swift; path = FavoriteBreedsStorageInterface.swift; sourceTree = "<group>"; };
		C5447CFB2E950A92007446D7 /* ForgotPasswordFeature.swift */ = {isa = PBXFileReference; lastKnownFileType = sourcecode.swift; path = ForgotPasswordFeature.swift; sourceTree = "<group>"; };
		C5447CFD2E950B9E007446D7 /* ForgotPasswordEnvironment.swift */ = {isa = PBXFileReference; lastKnownFileType = sourcecode.swift; path = ForgotPasswordEnvironment.swift; sourceTree = "<group>"; };
		C549FEA12E41156F003E3C99 /* NiceDemo-SwiftUI.app */ = {isa = PBXFileReference; explicitFileType = wrapper.application; includeInIndex = 0; path = "NiceDemo-SwiftUI.app"; sourceTree = BUILT_PRODUCTS_DIR; };
		C56E6B812E4F89480064490A /* GalleryCellView.swift */ = {isa = PBXFileReference; lastKnownFileType = sourcecode.swift; path = GalleryCellView.swift; sourceTree = "<group>"; };
		C57E23CA2E97D05100C2513E /* SimpleDataLoader.swift */ = {isa = PBXFileReference; lastKnownFileType = sourcecode.swift; path = SimpleDataLoader.swift; sourceTree = "<group>"; };
		C57E23CC2E97D24000C2513E /* MockDogCardURLSession.swift */ = {isa = PBXFileReference; lastKnownFileType = sourcecode.swift; path = MockDogCardURLSession.swift; sourceTree = "<group>"; };
		C57E23CE2E9918ED00C2513E /* PhotoLibraryService.swift */ = {isa = PBXFileReference; lastKnownFileType = sourcecode.swift; path = PhotoLibraryService.swift; sourceTree = "<group>"; };
		C57E23D02E99254000C2513E /* MockDogCardPhotoLibraryInterface.swift */ = {isa = PBXFileReference; lastKnownFileType = sourcecode.swift; path = MockDogCardPhotoLibraryInterface.swift; sourceTree = "<group>"; };
		C57FC69E2E4DDA23005A8991 /* DogDetailsView+Extensions.swift */ = {isa = PBXFileReference; lastKnownFileType = sourcecode.swift; path = "DogDetailsView+Extensions.swift"; sourceTree = "<group>"; };
		C57FC6A02E4E41AF005A8991 /* AnimationDuration.swift */ = {isa = PBXFileReference; lastKnownFileType = sourcecode.swift; path = AnimationDuration.swift; sourceTree = "<group>"; };
		C596B5BA2E57513D0071A932 /* WatchFavoriteBreedsConnectivity.swift */ = {isa = PBXFileReference; lastKnownFileType = sourcecode.swift; path = WatchFavoriteBreedsConnectivity.swift; sourceTree = "<group>"; };
		C5984F602E8FC853000BFEA3 /* MockUserCredentialsFetching.swift */ = {isa = PBXFileReference; lastKnownFileType = sourcecode.swift; path = MockUserCredentialsFetching.swift; sourceTree = "<group>"; };
		C5984F632E8FDA38000BFEA3 /* MockFavoriteBreedsSyncService.swift */ = {isa = PBXFileReference; lastKnownFileType = sourcecode.swift; path = MockFavoriteBreedsSyncService.swift; sourceTree = "<group>"; };
		C5984F662E8FDE13000BFEA3 /* MockPhoneSignInConnectivityService.swift */ = {isa = PBXFileReference; lastKnownFileType = sourcecode.swift; path = MockPhoneSignInConnectivityService.swift; sourceTree = "<group>"; };
		C5984F6D2E8FE05A000BFEA3 /* NiceDemo-SwiftUITests.xctest */ = {isa = PBXFileReference; explicitFileType = wrapper.cfbundle; includeInIndex = 0; path = "NiceDemo-SwiftUITests.xctest"; sourceTree = BUILT_PRODUCTS_DIR; };
		C5984F7E2E8FE0CA000BFEA3 /* StartFeatureTests.swift */ = {isa = PBXFileReference; lastKnownFileType = sourcecode.swift; path = StartFeatureTests.swift; sourceTree = "<group>"; };
		C5984F832E903F76000BFEA3 /* SignInFeature.swift */ = {isa = PBXFileReference; lastKnownFileType = sourcecode.swift; path = SignInFeature.swift; sourceTree = "<group>"; };
		C5984F852E904FAF000BFEA3 /* SignInFeature+Dependencies.swift */ = {isa = PBXFileReference; lastKnownFileType = sourcecode.swift; path = "SignInFeature+Dependencies.swift"; sourceTree = "<group>"; };
		C5A49F622E912BB300C3BFA0 /* SignInEnvironment.swift */ = {isa = PBXFileReference; lastKnownFileType = sourcecode.swift; path = SignInEnvironment.swift; sourceTree = "<group>"; };
		C5A49F642E912C0500C3BFA0 /* SignInCredentials.swift */ = {isa = PBXFileReference; lastKnownFileType = sourcecode.swift; path = SignInCredentials.swift; sourceTree = "<group>"; };
		C5A49F6D2E913AF900C3BFA0 /* SignInFeatureTests.swift */ = {isa = PBXFileReference; lastKnownFileType = sourcecode.swift; path = SignInFeatureTests.swift; sourceTree = "<group>"; };
		C5A49F6F2E913B3F00C3BFA0 /* MockUserCredentialsUpdating.swift */ = {isa = PBXFileReference; lastKnownFileType = sourcecode.swift; path = MockUserCredentialsUpdating.swift; sourceTree = "<group>"; };
		C5A49F722E91718600C3BFA0 /* DogsListFeature.swift */ = {isa = PBXFileReference; lastKnownFileType = sourcecode.swift; path = DogsListFeature.swift; sourceTree = "<group>"; };
		C5A49F782E9183FA00C3BFA0 /* DogsListFeature+Dependencies.swift */ = {isa = PBXFileReference; lastKnownFileType = sourcecode.swift; path = "DogsListFeature+Dependencies.swift"; sourceTree = "<group>"; };
		C5A49F7B2E92629700C3BFA0 /* DogsListFilter.swift */ = {isa = PBXFileReference; lastKnownFileType = sourcecode.swift; path = DogsListFilter.swift; sourceTree = "<group>"; };
		C5B273442E54BDDB00B42907 /* SignInViewContract.swift */ = {isa = PBXFileReference; lastKnownFileType = sourcecode.swift; path = SignInViewContract.swift; sourceTree = "<group>"; };
		C5B273602E54ED1F00B42907 /* DogDetailsView.swift */ = {isa = PBXFileReference; lastKnownFileType = sourcecode.swift; path = DogDetailsView.swift; sourceTree = "<group>"; };
		C5B273622E54ED2500B42907 /* DogDetailsView+ViewModel.swift */ = {isa = PBXFileReference; lastKnownFileType = sourcecode.swift; path = "DogDetailsView+ViewModel.swift"; sourceTree = "<group>"; };
		C5BC76362E44FDA3007D70F1 /* DogDetailsView.swift */ = {isa = PBXFileReference; lastKnownFileType = sourcecode.swift; path = DogDetailsView.swift; sourceTree = "<group>"; };
		C5BC76382E44FFEA007D70F1 /* DogDetailsView+ViewModel.swift */ = {isa = PBXFileReference; lastKnownFileType = sourcecode.swift; path = "DogDetailsView+ViewModel.swift"; sourceTree = "<group>"; };
		C5BC763A2E4502B5007D70F1 /* DogDetailsContract.swift */ = {isa = PBXFileReference; lastKnownFileType = sourcecode.swift; path = DogDetailsContract.swift; sourceTree = "<group>"; };
		C5BC763C2E451E8A007D70F1 /* DogsRouting.swift */ = {isa = PBXFileReference; lastKnownFileType = sourcecode.swift; path = DogsRouting.swift; sourceTree = "<group>"; };
		C5C739DB2E5991EA00C517A9 /* WatchNiceDemo-Watch-App-Info.plist */ = {isa = PBXFileReference; lastKnownFileType = text.plist.xml; path = "WatchNiceDemo-Watch-App-Info.plist"; sourceTree = "<group>"; };
		C5CB77662E8E6F2400F14960 /* StartFeature.swift */ = {isa = PBXFileReference; lastKnownFileType = sourcecode.swift; path = StartFeature.swift; sourceTree = "<group>"; };
		C5CB77692E8E7B5700F14960 /* StartFeature+Dependencies.swift */ = {isa = PBXFileReference; lastKnownFileType = sourcecode.swift; path = "StartFeature+Dependencies.swift"; sourceTree = "<group>"; };
		C5CD42092E43AF29005CE23B /* AppRootManager.swift */ = {isa = PBXFileReference; lastKnownFileType = sourcecode.swift; path = AppRootManager.swift; sourceTree = "<group>"; };
		C5CD420A2E43AF29005CE23B /* AuthRouting.swift */ = {isa = PBXFileReference; lastKnownFileType = sourcecode.swift; path = AuthRouting.swift; sourceTree = "<group>"; };
		C5CD420C2E43AF29005CE23B /* Color+Extension.swift */ = {isa = PBXFileReference; lastKnownFileType = sourcecode.swift; path = "Color+Extension.swift"; sourceTree = "<group>"; };
		C5CD420E2E43AF29005CE23B /* Dog.swift */ = {isa = PBXFileReference; lastKnownFileType = sourcecode.swift; path = Dog.swift; sourceTree = "<group>"; };
		C5CD42102E43AF29005CE23B /* ForgotPasswordView.swift */ = {isa = PBXFileReference; lastKnownFileType = sourcecode.swift; path = ForgotPasswordView.swift; sourceTree = "<group>"; };
		C5CD42122E43AF29005CE23B /* SignInView.swift */ = {isa = PBXFileReference; lastKnownFileType = sourcecode.swift; path = SignInView.swift; sourceTree = "<group>"; };
		C5CD42162E43AF29005CE23B /* DogRowView.swift */ = {isa = PBXFileReference; lastKnownFileType = sourcecode.swift; path = DogRowView.swift; sourceTree = "<group>"; };
		C5CD42172E43AF29005CE23B /* DogsListView.swift */ = {isa = PBXFileReference; lastKnownFileType = sourcecode.swift; path = DogsListView.swift; sourceTree = "<group>"; };
		C5CD42192E43AF29005CE23B /* StartView.swift */ = {isa = PBXFileReference; lastKnownFileType = sourcecode.swift; path = StartView.swift; sourceTree = "<group>"; };
		C5CD421D2E43AF29005CE23B /* UserCredentialsStorage+Interfaces.swift */ = {isa = PBXFileReference; lastKnownFileType = sourcecode.swift; path = "UserCredentialsStorage+Interfaces.swift"; sourceTree = "<group>"; };
		C5CD421E2E43AF29005CE23B /* UserCredentialsStoring.swift */ = {isa = PBXFileReference; lastKnownFileType = sourcecode.swift; path = UserCredentialsStoring.swift; sourceTree = "<group>"; };
		C5CD42202E43AF29005CE23B /* UserCredentialsStorage.swift */ = {isa = PBXFileReference; lastKnownFileType = sourcecode.swift; path = UserCredentialsStorage.swift; sourceTree = "<group>"; };
		C5CD42212E43AF29005CE23B /* UserDefaultsLayer.swift */ = {isa = PBXFileReference; lastKnownFileType = sourcecode.swift; path = UserDefaultsLayer.swift; sourceTree = "<group>"; };
		C5CD42232E43AF29005CE23B /* DogsEndpoint.swift */ = {isa = PBXFileReference; lastKnownFileType = sourcecode.swift; path = DogsEndpoint.swift; sourceTree = "<group>"; };
		C5CD42242E43AF29005CE23B /* Endpoint.swift */ = {isa = PBXFileReference; lastKnownFileType = sourcecode.swift; path = Endpoint.swift; sourceTree = "<group>"; };
		C5CD42262E43AF29005CE23B /* DogsNetworkService.swift */ = {isa = PBXFileReference; lastKnownFileType = sourcecode.swift; path = DogsNetworkService.swift; sourceTree = "<group>"; };
		C5CD42282E43AF29005CE23B /* BaseResponse.swift */ = {isa = PBXFileReference; lastKnownFileType = sourcecode.swift; path = BaseResponse.swift; sourceTree = "<group>"; };
		C5CD42292E43AF29005CE23B /* GetAllDogsServerResponse.swift */ = {isa = PBXFileReference; lastKnownFileType = sourcecode.swift; path = GetAllDogsServerResponse.swift; sourceTree = "<group>"; };
		C5CD422A2E43AF29005CE23B /* GetRandomDogImageServerResponse.swift */ = {isa = PBXFileReference; lastKnownFileType = sourcecode.swift; path = GetRandomDogImageServerResponse.swift; sourceTree = "<group>"; };
		C5CD422C2E43AF29005CE23B /* HTTPMethod.swift */ = {isa = PBXFileReference; lastKnownFileType = sourcecode.swift; path = HTTPMethod.swift; sourceTree = "<group>"; };
		C5CD422D2E43AF29005CE23B /* HTTPTask.swift */ = {isa = PBXFileReference; lastKnownFileType = sourcecode.swift; path = HTTPTask.swift; sourceTree = "<group>"; };
		C5CD422E2E43AF29005CE23B /* NetworkError.swift */ = {isa = PBXFileReference; lastKnownFileType = sourcecode.swift; path = NetworkError.swift; sourceTree = "<group>"; };
		C5CD422F2E43AF29005CE23B /* NetworkService.swift */ = {isa = PBXFileReference; lastKnownFileType = sourcecode.swift; path = NetworkService.swift; sourceTree = "<group>"; };
		C5CD42322E43AF29005CE23B /* Validator.swift */ = {isa = PBXFileReference; lastKnownFileType = sourcecode.swift; path = Validator.swift; sourceTree = "<group>"; };
		C5CD42342E43AF29005CE23B /* Colors.swift */ = {isa = PBXFileReference; lastKnownFileType = sourcecode.swift; path = Colors.swift; sourceTree = "<group>"; };
		C5CD42362E43AF29005CE23B /* Font+Paperlogy.swift */ = {isa = PBXFileReference; lastKnownFileType = sourcecode.swift; path = "Font+Paperlogy.swift"; sourceTree = "<group>"; };
		C5CD42372E43AF29005CE23B /* Paperlogy-Bold.ttf */ = {isa = PBXFileReference; lastKnownFileType = file; path = "Paperlogy-Bold.ttf"; sourceTree = "<group>"; };
		C5CD42382E43AF29005CE23B /* Paperlogy-Medium.ttf */ = {isa = PBXFileReference; lastKnownFileType = file; path = "Paperlogy-Medium.ttf"; sourceTree = "<group>"; };
		C5CD42392E43AF29005CE23B /* Paperlogy-Regular.ttf */ = {isa = PBXFileReference; lastKnownFileType = file; path = "Paperlogy-Regular.ttf"; sourceTree = "<group>"; };
		C5CD423A2E43AF29005CE23B /* Paperlogy-SemiBold.ttf */ = {isa = PBXFileReference; lastKnownFileType = file; path = "Paperlogy-SemiBold.ttf"; sourceTree = "<group>"; };
		C5CD423D2E43AF29005CE23B /* Assets.xcassets */ = {isa = PBXFileReference; lastKnownFileType = folder.assetcatalog; path = Assets.xcassets; sourceTree = "<group>"; };
		C5CD423F2E43AF29005CE23B /* Constants.swift */ = {isa = PBXFileReference; lastKnownFileType = sourcecode.swift; path = Constants.swift; sourceTree = "<group>"; };
		C5CD42402E43AF29005CE23B /* GridLayout.swift */ = {isa = PBXFileReference; lastKnownFileType = sourcecode.swift; path = GridLayout.swift; sourceTree = "<group>"; };
		C5CD42422E43AF29005CE23B /* FavoriteButton.swift */ = {isa = PBXFileReference; lastKnownFileType = sourcecode.swift; path = FavoriteButton.swift; sourceTree = "<group>"; };
		C5CD42432E43AF29005CE23B /* SeparatorView.swift */ = {isa = PBXFileReference; lastKnownFileType = sourcecode.swift; path = SeparatorView.swift; sourceTree = "<group>"; };
		C5CD42452E43AF29005CE23B /* Info.plist */ = {isa = PBXFileReference; lastKnownFileType = text.plist.xml; path = Info.plist; sourceTree = "<group>"; };
		C5CD42462E43AF29005CE23B /* NiceDemo_SwiftUIApp.swift */ = {isa = PBXFileReference; lastKnownFileType = sourcecode.swift; path = NiceDemo_SwiftUIApp.swift; sourceTree = "<group>"; };
		C5CD42712E43AFE0005CE23B /* DogsListContract.swift */ = {isa = PBXFileReference; lastKnownFileType = sourcecode.swift; path = DogsListContract.swift; sourceTree = "<group>"; };
		C5CD42732E43B182005CE23B /* FavoriteDogBreedsStorage.swift */ = {isa = PBXFileReference; lastKnownFileType = sourcecode.swift; path = FavoriteDogBreedsStorage.swift; sourceTree = "<group>"; };
		C5CD42752E43B1A8005CE23B /* FavoriteDogBreedsStoring.swift */ = {isa = PBXFileReference; lastKnownFileType = sourcecode.swift; path = FavoriteDogBreedsStoring.swift; sourceTree = "<group>"; };
		C5CD42772E43C542005CE23B /* LoadingDogRowView.swift */ = {isa = PBXFileReference; lastKnownFileType = sourcecode.swift; path = LoadingDogRowView.swift; sourceTree = "<group>"; };
		C5D8873A2E4881FA00169957 /* DogCardView.swift */ = {isa = PBXFileReference; lastKnownFileType = sourcecode.swift; path = DogCardView.swift; sourceTree = "<group>"; };
		C5D8873E2E4885D400169957 /* DogCardContract.swift */ = {isa = PBXFileReference; lastKnownFileType = sourcecode.swift; path = DogCardContract.swift; sourceTree = "<group>"; };
		C5D887402E48873100169957 /* SegmentedUnderlineTabs.swift */ = {isa = PBXFileReference; lastKnownFileType = sourcecode.swift; path = SegmentedUnderlineTabs.swift; sourceTree = "<group>"; };
		C5D887422E488BED00169957 /* DogGalleryView.swift */ = {isa = PBXFileReference; lastKnownFileType = sourcecode.swift; path = DogGalleryView.swift; sourceTree = "<group>"; };
		C5EAAEB42E539AB400E196CD /* WatchNiceDemo Watch App.app */ = {isa = PBXFileReference; explicitFileType = wrapper.application; includeInIndex = 0; path = "WatchNiceDemo Watch App.app"; sourceTree = BUILT_PRODUCTS_DIR; };
		C5EAAEC32E539ACC00E196CD /* Assets.xcassets */ = {isa = PBXFileReference; lastKnownFileType = folder.assetcatalog; path = Assets.xcassets; sourceTree = "<group>"; };
		C5EAAEE22E539DC100E196CD /* SignInView.swift */ = {isa = PBXFileReference; lastKnownFileType = sourcecode.swift; path = SignInView.swift; sourceTree = "<group>"; };
		C5EAAEF12E53ABC200E196CD /* SignInView+ViewModel.swift */ = {isa = PBXFileReference; lastKnownFileType = sourcecode.swift; path = "SignInView+ViewModel.swift"; sourceTree = "<group>"; };
		C5EAAEF32E53AD0F00E196CD /* WCService.swift */ = {isa = PBXFileReference; lastKnownFileType = sourcecode.swift; path = WCService.swift; sourceTree = "<group>"; };
/* End PBXFileReference section */

/* Begin PBXFrameworksBuildPhase section */
		C549FE9E2E41156F003E3C99 /* Frameworks */ = {
			isa = PBXFrameworksBuildPhase;
			buildActionMask = 2147483647;
			files = (
				C549FEDE2E4129A1003E3C99 /* AppRouter in Frameworks */,
				C57FC69D2E4D19D3005A8991 /* CachedAsyncImage in Frameworks */,
				C5CB77652E8DA63700F14960 /* ComposableArchitecture in Frameworks */,
			);
			runOnlyForDeploymentPostprocessing = 0;
		};
		C5984F6A2E8FE05A000BFEA3 /* Frameworks */ = {
			isa = PBXFrameworksBuildPhase;
			buildActionMask = 2147483647;
			files = (
			);
			runOnlyForDeploymentPostprocessing = 0;
		};
		C5EAAEB12E539AB400E196CD /* Frameworks */ = {
			isa = PBXFrameworksBuildPhase;
			buildActionMask = 2147483647;
			files = (
				C5EAAEDA2E539CE200E196CD /* AppRouter in Frameworks */,
				C5EAAEDC2E539CE200E196CD /* CachedAsyncImage in Frameworks */,
				C5984F482E8E866A000BFEA3 /* ComposableArchitecture in Frameworks */,
			);
			runOnlyForDeploymentPostprocessing = 0;
		};
/* End PBXFrameworksBuildPhase section */

/* Begin PBXGroup section */
		C513E7FD2E97A95E002F958A /* DogGallery */ = {
			isa = PBXGroup;
			children = (
				C513E7FA2E97A37C002F958A /* DogGalleryFeatureTests.swift */,
			);
			path = DogGallery;
			sourceTree = "<group>";
		};
		C5296ABD2E93F1EE00F22945 /* DogsList */ = {
			isa = PBXGroup;
			children = (
				C5296ABE2E93F20E00F22945 /* DogsListFeatureTests.swift */,
			);
			path = DogsList;
			sourceTree = "<group>";
		};
		C533A8BB2E55F9B800EEE267 /* WatchConnectivity */ = {
			isa = PBXGroup;
			children = (
				C5EAAEF32E53AD0F00E196CD /* WCService.swift */,
				C533A8C42E5631BC00EEE267 /* FavoriteBreedsSyncService.swift */,
			);
			path = WatchConnectivity;
			sourceTree = "<group>";
		};
		C533A8C02E5603F500EEE267 /* Protocols */ = {
			isa = PBXGroup;
			children = (
				C533A8C12E5603FB00EEE267 /* WatchSignInConnectivityInterface.swift */,
				C533A8CA2E5634B600EEE267 /* FavoriteBreedsStorageInterface.swift */,
				C596B5BA2E57513D0071A932 /* WatchFavoriteBreedsConnectivity.swift */,
			);
			path = Protocols;
			sourceTree = "<group>";
		};
		C549FE982E41156F003E3C99 = {
			isa = PBXGroup;
			children = (
				C5CD42472E43AF29005CE23B /* NiceDemo-SwiftUI */,
				C5EAAEC62E539ACC00E196CD /* WatchNiceDemo Watch App */,
				C5984F782E8FE072000BFEA3 /* NiceDemo-SwiftUITests */,
				C5EAAED82E539CE200E196CD /* Frameworks */,
				C549FEA22E41156F003E3C99 /* Products */,
			);
			sourceTree = "<group>";
		};
		C549FEA22E41156F003E3C99 /* Products */ = {
			isa = PBXGroup;
			children = (
				C549FEA12E41156F003E3C99 /* NiceDemo-SwiftUI.app */,
				C5EAAEB42E539AB400E196CD /* WatchNiceDemo Watch App.app */,
				C5984F6D2E8FE05A000BFEA3 /* NiceDemo-SwiftUITests.xctest */,
			);
			name = Products;
			sourceTree = "<group>";
		};
		C5984F5F2E8FC839000BFEA3 /* Mocks */ = {
			isa = PBXGroup;
			children = (
				C5984F602E8FC853000BFEA3 /* MockUserCredentialsFetching.swift */,
				C5984F632E8FDA38000BFEA3 /* MockFavoriteBreedsSyncService.swift */,
				C5984F662E8FDE13000BFEA3 /* MockPhoneSignInConnectivityService.swift */,
				C5A49F6F2E913B3F00C3BFA0 /* MockUserCredentialsUpdating.swift */,
				C5296AC02E93F26000F22945 /* MockDogsListNetwork.swift */,
				C5296AC22E93F52100F22945 /* MockDogsListFavoriteStorage.swift */,
				C5296AC62E9411F800F22945 /* MockWatchFavoriteBreedsConnectivity.swift */,
				C5296AC82E94138200F22945 /* MockFavoriteBreedsStorageInterface.swift */,
				C513E7FE2E97A973002F958A /* MockDogGalleryNetwork.swift */,
				C513E8072E97CDB7002F958A /* MockDogCardNetwork.swift */,
				C57E23CC2E97D24000C2513E /* MockDogCardURLSession.swift */,
				C57E23D02E99254000C2513E /* MockDogCardPhotoLibraryInterface.swift */,
			);
			path = Mocks;
			sourceTree = "<group>";
		};
		C5984F782E8FE072000BFEA3 /* NiceDemo-SwiftUITests */ = {
			isa = PBXGroup;
			children = (
				C5984F5F2E8FC839000BFEA3 /* Mocks */,
				C5984F7D2E8FE0BB000BFEA3 /* Features */,
			);
			path = "NiceDemo-SwiftUITests";
			sourceTree = "<group>";
		};
		C5984F7C2E8FE0BB000BFEA3 /* Start */ = {
			isa = PBXGroup;
			children = (
				C5984F7E2E8FE0CA000BFEA3 /* StartFeatureTests.swift */,
			);
			path = Start;
			sourceTree = "<group>";
		};
		C5984F7D2E8FE0BB000BFEA3 /* Features */ = {
			isa = PBXGroup;
			children = (
				C513E8042E97CCF8002F958A /* DogCardFeatureTests.swift */,
				C513E7FD2E97A95E002F958A /* DogGallery */,
				C5296ABD2E93F1EE00F22945 /* DogsList */,
				C5A49F6C2E913AD600C3BFA0 /* SignIn */,
				C5984F7C2E8FE0BB000BFEA3 /* Start */,
			);
			path = Features;
			sourceTree = "<group>";
		};
		C5A49F6C2E913AD600C3BFA0 /* SignIn */ = {
			isa = PBXGroup;
			children = (
				C5A49F6D2E913AF900C3BFA0 /* SignInFeatureTests.swift */,
			);
			path = SignIn;
			sourceTree = "<group>";
		};
		C5A49F7E2E92804B00C3BFA0 /* Views */ = {
			isa = PBXGroup;
			children = (
				C5CD42162E43AF29005CE23B /* DogRowView.swift */,
				C5CD42772E43C542005CE23B /* LoadingDogRowView.swift */,
			);
			path = Views;
			sourceTree = "<group>";
		};
		C5B2735F2E54ED1000B42907 /* DogDetails */ = {
			isa = PBXGroup;
			children = (
				C5B273602E54ED1F00B42907 /* DogDetailsView.swift */,
				C5B273622E54ED2500B42907 /* DogDetailsView+ViewModel.swift */,
			);
			path = DogDetails;
			sourceTree = "<group>";
		};
		C5BC76342E44FD82007D70F1 /* DogDetails */ = {
			isa = PBXGroup;
			children = (
				C5D887392E48818800169957 /* DogGallery */,
				C5D887382E48817400169957 /* DogCard */,
				C5BC76362E44FDA3007D70F1 /* DogDetailsView.swift */,
				C5BC76382E44FFEA007D70F1 /* DogDetailsView+ViewModel.swift */,
				C5BC763A2E4502B5007D70F1 /* DogDetailsContract.swift */,
				C57FC69E2E4DDA23005A8991 /* DogDetailsView+Extensions.swift */,
			);
			path = DogDetails;
			sourceTree = "<group>";
		};
		C5BC76352E44FD8D007D70F1 /* DogFlow */ = {
			isa = PBXGroup;
			children = (
				C5CD42182E43AF29005CE23B /* DogsList */,
				C5BC76342E44FD82007D70F1 /* DogDetails */,
			);
			path = DogFlow;
			sourceTree = "<group>";
		};
		C5CD420B2E43AF29005CE23B /* Routing */ = {
			isa = PBXGroup;
			children = (
				C5CD42092E43AF29005CE23B /* AppRootManager.swift */,
				C5CD420A2E43AF29005CE23B /* AuthRouting.swift */,
				C5BC763C2E451E8A007D70F1 /* DogsRouting.swift */,
			);
			path = Routing;
			sourceTree = "<group>";
		};
		C5CD420D2E43AF29005CE23B /* Extensions */ = {
			isa = PBXGroup;
			children = (
				C5CD420C2E43AF29005CE23B /* Color+Extension.swift */,
			);
			path = Extensions;
			sourceTree = "<group>";
		};
		C5CD420F2E43AF29005CE23B /* Models */ = {
			isa = PBXGroup;
			children = (
				C5CD420E2E43AF29005CE23B /* Dog.swift */,
				C533A8C72E5633DE00EEE267 /* FavoriteBreedsPayload.swift */,
				C5A49F642E912C0500C3BFA0 /* SignInCredentials.swift */,
			);
			path = Models;
			sourceTree = "<group>";
		};
		C5CD42112E43AF29005CE23B /* ForgotPassword */ = {
			isa = PBXGroup;
			children = (
				C5CD42102E43AF29005CE23B /* ForgotPasswordView.swift */,
				C5447CFB2E950A92007446D7 /* ForgotPasswordFeature.swift */,
				C5447CFD2E950B9E007446D7 /* ForgotPasswordEnvironment.swift */,
			);
			path = ForgotPassword;
			sourceTree = "<group>";
		};
		C5CD42142E43AF29005CE23B /* SignIn */ = {
			isa = PBXGroup;
			children = (
				C5CD42122E43AF29005CE23B /* SignInView.swift */,
				C5984F832E903F76000BFEA3 /* SignInFeature.swift */,
				C5984F852E904FAF000BFEA3 /* SignInFeature+Dependencies.swift */,
				C5A49F622E912BB300C3BFA0 /* SignInEnvironment.swift */,
				C5B273442E54BDDB00B42907 /* SignInViewContract.swift */,
			);
			path = SignIn;
			sourceTree = "<group>";
		};
		C5CD42152E43AF29005CE23B /* AuthFlow */ = {
			isa = PBXGroup;
			children = (
				C5CD42142E43AF29005CE23B /* SignIn */,
				C5CD42112E43AF29005CE23B /* ForgotPassword */,
			);
			path = AuthFlow;
			sourceTree = "<group>";
		};
		C5CD42182E43AF29005CE23B /* DogsList */ = {
			isa = PBXGroup;
			children = (
				C5A49F7E2E92804B00C3BFA0 /* Views */,
				C5CD42172E43AF29005CE23B /* DogsListView.swift */,
				C5A49F722E91718600C3BFA0 /* DogsListFeature.swift */,
				C5A49F782E9183FA00C3BFA0 /* DogsListFeature+Dependencies.swift */,
				C5A49F7B2E92629700C3BFA0 /* DogsListFilter.swift */,
				C5CD42712E43AFE0005CE23B /* DogsListContract.swift */,
			);
			path = DogsList;
			sourceTree = "<group>";
		};
		C5CD421B2E43AF29005CE23B /* Start */ = {
			isa = PBXGroup;
			children = (
				C5CD42192E43AF29005CE23B /* StartView.swift */,
				C5CB77662E8E6F2400F14960 /* StartFeature.swift */,
				C5CB77692E8E7B5700F14960 /* StartFeature+Dependencies.swift */,
			);
			path = Start;
			sourceTree = "<group>";
		};
		C5CD421C2E43AF29005CE23B /* Scenes */ = {
			isa = PBXGroup;
			children = (
				C5BC76352E44FD8D007D70F1 /* DogFlow */,
				C5CD42152E43AF29005CE23B /* AuthFlow */,
				C5CD421B2E43AF29005CE23B /* Start */,
			);
			path = Scenes;
			sourceTree = "<group>";
		};
		C5CD421F2E43AF29005CE23B /* Protocols */ = {
			isa = PBXGroup;
			children = (
				C5CD421D2E43AF29005CE23B /* UserCredentialsStorage+Interfaces.swift */,
				C5CD421E2E43AF29005CE23B /* UserCredentialsStoring.swift */,
				C5CD42752E43B1A8005CE23B /* FavoriteDogBreedsStoring.swift */,
			);
			path = Protocols;
			sourceTree = "<group>";
		};
		C5CD42222E43AF29005CE23B /* LocalStorage */ = {
			isa = PBXGroup;
			children = (
				C5CD421F2E43AF29005CE23B /* Protocols */,
				C5CD42202E43AF29005CE23B /* UserCredentialsStorage.swift */,
				C5CD42212E43AF29005CE23B /* UserDefaultsLayer.swift */,
				C5CD42732E43B182005CE23B /* FavoriteDogBreedsStorage.swift */,
			);
			path = LocalStorage;
			sourceTree = "<group>";
		};
		C5CD42252E43AF29005CE23B /* Endpoint */ = {
			isa = PBXGroup;
			children = (
				C5CD42232E43AF29005CE23B /* DogsEndpoint.swift */,
				C5CD42242E43AF29005CE23B /* Endpoint.swift */,
			);
			path = Endpoint;
			sourceTree = "<group>";
		};
		C5CD42272E43AF29005CE23B /* NetworkSubservices */ = {
			isa = PBXGroup;
			children = (
				C5CD42262E43AF29005CE23B /* DogsNetworkService.swift */,
			);
			path = NetworkSubservices;
			sourceTree = "<group>";
		};
		C5CD422B2E43AF29005CE23B /* Response */ = {
			isa = PBXGroup;
			children = (
				C5CD42282E43AF29005CE23B /* BaseResponse.swift */,
				C5CD42292E43AF29005CE23B /* GetAllDogsServerResponse.swift */,
				C5CD422A2E43AF29005CE23B /* GetRandomDogImageServerResponse.swift */,
				C51AB3102E4A3093002149F3 /* GetBreedRandomImagesServerResponse.swift */,
			);
			path = Response;
			sourceTree = "<group>";
		};
		C5CD42302E43AF29005CE23B /* System */ = {
			isa = PBXGroup;
			children = (
				C5CD422C2E43AF29005CE23B /* HTTPMethod.swift */,
				C5CD422D2E43AF29005CE23B /* HTTPTask.swift */,
				C5CD422E2E43AF29005CE23B /* NetworkError.swift */,
				C5CD422F2E43AF29005CE23B /* NetworkService.swift */,
			);
			path = System;
			sourceTree = "<group>";
		};
		C5CD42312E43AF29005CE23B /* Network */ = {
			isa = PBXGroup;
			children = (
				C5CD42272E43AF29005CE23B /* NetworkSubservices */,
				C5CD42252E43AF29005CE23B /* Endpoint */,
				C5CD422B2E43AF29005CE23B /* Response */,
				C5CD42302E43AF29005CE23B /* System */,
			);
			path = Network;
			sourceTree = "<group>";
		};
		C5CD42332E43AF29005CE23B /* Services */ = {
			isa = PBXGroup;
			children = (
				C533A8BB2E55F9B800EEE267 /* WatchConnectivity */,
				C5CD42222E43AF29005CE23B /* LocalStorage */,
				C5CD42312E43AF29005CE23B /* Network */,
				C5CD42322E43AF29005CE23B /* Validator.swift */,
				C57E23CA2E97D05100C2513E /* SimpleDataLoader.swift */,
				C57E23CE2E9918ED00C2513E /* PhotoLibraryService.swift */,
			);
			path = Services;
			sourceTree = "<group>";
		};
		C5CD42352E43AF29005CE23B /* Colors */ = {
			isa = PBXGroup;
			children = (
				C5CD42342E43AF29005CE23B /* Colors.swift */,
			);
			path = Colors;
			sourceTree = "<group>";
		};
		C5CD423B2E43AF29005CE23B /* Paperlogy */ = {
			isa = PBXGroup;
			children = (
				C5CD42362E43AF29005CE23B /* Font+Paperlogy.swift */,
				C5CD42372E43AF29005CE23B /* Paperlogy-Bold.ttf */,
				C5CD42382E43AF29005CE23B /* Paperlogy-Medium.ttf */,
				C5CD42392E43AF29005CE23B /* Paperlogy-Regular.ttf */,
				C5CD423A2E43AF29005CE23B /* Paperlogy-SemiBold.ttf */,
			);
			path = Paperlogy;
			sourceTree = "<group>";
		};
		C5CD423C2E43AF29005CE23B /* Fonts */ = {
			isa = PBXGroup;
			children = (
				C5CD423B2E43AF29005CE23B /* Paperlogy */,
			);
			path = Fonts;
			sourceTree = "<group>";
		};
		C5CD423E2E43AF29005CE23B /* SupportingFiles */ = {
			isa = PBXGroup;
			children = (
				C5CD42352E43AF29005CE23B /* Colors */,
				C5CD423C2E43AF29005CE23B /* Fonts */,
				C5CD423D2E43AF29005CE23B /* Assets.xcassets */,
			);
			path = SupportingFiles;
			sourceTree = "<group>";
		};
		C5CD42412E43AF29005CE23B /* Utils */ = {
			isa = PBXGroup;
			children = (
				C5CD423F2E43AF29005CE23B /* Constants.swift */,
				C5CD42402E43AF29005CE23B /* GridLayout.swift */,
				C57FC6A02E4E41AF005A8991 /* AnimationDuration.swift */,
			);
			path = Utils;
			sourceTree = "<group>";
		};
		C5CD42442E43AF29005CE23B /* Views */ = {
			isa = PBXGroup;
			children = (
				C5CD42422E43AF29005CE23B /* FavoriteButton.swift */,
				C5CD42432E43AF29005CE23B /* SeparatorView.swift */,
				C5D887402E48873100169957 /* SegmentedUnderlineTabs.swift */,
				C56E6B812E4F89480064490A /* GalleryCellView.swift */,
			);
			path = Views;
			sourceTree = "<group>";
		};
		C5CD42472E43AF29005CE23B /* NiceDemo-SwiftUI */ = {
			isa = PBXGroup;
			children = (
				C533A8C02E5603F500EEE267 /* Protocols */,
				C5CD42412E43AF29005CE23B /* Utils */,
				C5CD420B2E43AF29005CE23B /* Routing */,
				C5CD420D2E43AF29005CE23B /* Extensions */,
				C5CD42332E43AF29005CE23B /* Services */,
				C5CD420F2E43AF29005CE23B /* Models */,
				C5CD42442E43AF29005CE23B /* Views */,
				C5CD421C2E43AF29005CE23B /* Scenes */,
				C5CD423E2E43AF29005CE23B /* SupportingFiles */,
				C5CD42452E43AF29005CE23B /* Info.plist */,
				C5CD42462E43AF29005CE23B /* NiceDemo_SwiftUIApp.swift */,
			);
			path = "NiceDemo-SwiftUI";
			sourceTree = "<group>";
		};
		C5D887382E48817400169957 /* DogCard */ = {
			isa = PBXGroup;
			children = (
				C5D8873A2E4881FA00169957 /* DogCardView.swift */,
				C513E8002E97B648002F958A /* DogCardFeature.swift */,
				C513E8022E97BBEC002F958A /* DogCardFeature+Dependencies.swift */,
				C5D8873E2E4885D400169957 /* DogCardContract.swift */,
			);
			path = DogCard;
			sourceTree = "<group>";
		};
		C5D887392E48818800169957 /* DogGallery */ = {
			isa = PBXGroup;
			children = (
				C5D887422E488BED00169957 /* DogGalleryView.swift */,
				C513E7F72E96D81C002F958A /* DogGalleryFeature.swift */,
				C513E7F62E96D815002F958A /* DogGalleryFeature+Dependencies.swift */,
				C51AB3122E4A311B002149F3 /* DogGalleryContract.swift */,
			);
			path = DogGallery;
			sourceTree = "<group>";
		};
		C5EAAEC62E539ACC00E196CD /* WatchNiceDemo Watch App */ = {
			isa = PBXGroup;
			children = (
				C5C739DB2E5991EA00C517A9 /* WatchNiceDemo-Watch-App-Info.plist */,
				C5EAAEDF2E539DAF00E196CD /* Scenes */,
				C5EAAEC32E539ACC00E196CD /* Assets.xcassets */,
			);
			path = "WatchNiceDemo Watch App";
			sourceTree = "<group>";
		};
		C5EAAED82E539CE200E196CD /* Frameworks */ = {
			isa = PBXGroup;
			children = (
			);
			name = Frameworks;
			sourceTree = "<group>";
		};
		C5EAAEDF2E539DAF00E196CD /* Scenes */ = {
			isa = PBXGroup;
			children = (
				C5B2735F2E54ED1000B42907 /* DogDetails */,
				C5EAAEF02E53ABAD00E196CD /* SignIn */,
			);
			path = Scenes;
			sourceTree = "<group>";
		};
		C5EAAEF02E53ABAD00E196CD /* SignIn */ = {
			isa = PBXGroup;
			children = (
				C5EAAEE22E539DC100E196CD /* SignInView.swift */,
				C5EAAEF12E53ABC200E196CD /* SignInView+ViewModel.swift */,
			);
			path = SignIn;
			sourceTree = "<group>";
		};
/* End PBXGroup section */

/* Begin PBXNativeTarget section */
		C549FEA02E41156F003E3C99 /* NiceDemo-SwiftUI */ = {
			isa = PBXNativeTarget;
			buildConfigurationList = C549FEAC2E411570003E3C99 /* Build configuration list for PBXNativeTarget "NiceDemo-SwiftUI" */;
			buildPhases = (
				C549FE9D2E41156F003E3C99 /* Sources */,
				C549FE9E2E41156F003E3C99 /* Frameworks */,
				C549FE9F2E41156F003E3C99 /* Resources */,
				C5EAAEBF2E539AB600E196CD /* Embed Watch Content */,
			);
			buildRules = (
			);
			dependencies = (
				C5EAAEBD2E539AB600E196CD /* PBXTargetDependency */,
			);
			name = "NiceDemo-SwiftUI";
			packageProductDependencies = (
				C549FEDD2E4129A1003E3C99 /* AppRouter */,
				C57FC69C2E4D19D3005A8991 /* CachedAsyncImage */,
				C5CB77642E8DA63700F14960 /* ComposableArchitecture */,
			);
			productName = "NiceDemo-SwiftUI";
			productReference = C549FEA12E41156F003E3C99 /* NiceDemo-SwiftUI.app */;
			productType = "com.apple.product-type.application";
		};
		C5984F6C2E8FE05A000BFEA3 /* NiceDemo-SwiftUITests */ = {
			isa = PBXNativeTarget;
			buildConfigurationList = C5984F732E8FE05A000BFEA3 /* Build configuration list for PBXNativeTarget "NiceDemo-SwiftUITests" */;
			buildPhases = (
				C5984F692E8FE05A000BFEA3 /* Sources */,
				C5984F6A2E8FE05A000BFEA3 /* Frameworks */,
				C5984F6B2E8FE05A000BFEA3 /* Resources */,
			);
			buildRules = (
			);
			dependencies = (
				C5984F722E8FE05A000BFEA3 /* PBXTargetDependency */,
			);
			name = "NiceDemo-SwiftUITests";
			packageProductDependencies = (
			);
			productName = "NiceDemo-SwiftUITests";
			productReference = C5984F6D2E8FE05A000BFEA3 /* NiceDemo-SwiftUITests.xctest */;
			productType = "com.apple.product-type.bundle.unit-test";
		};
		C5EAAEB32E539AB400E196CD /* WatchNiceDemo Watch App */ = {
			isa = PBXNativeTarget;
			buildConfigurationList = C5EAAEC22E539AB600E196CD /* Build configuration list for PBXNativeTarget "WatchNiceDemo Watch App" */;
			buildPhases = (
				C5EAAEB02E539AB400E196CD /* Sources */,
				C5EAAEB12E539AB400E196CD /* Frameworks */,
				C5EAAEB22E539AB400E196CD /* Resources */,
			);
			buildRules = (
			);
			dependencies = (
			);
			name = "WatchNiceDemo Watch App";
			packageProductDependencies = (
				C5EAAED92E539CE200E196CD /* AppRouter */,
				C5EAAEDB2E539CE200E196CD /* CachedAsyncImage */,
				C5984F472E8E866A000BFEA3 /* ComposableArchitecture */,
			);
			productName = "WatchNiceDemo Watch App";
			productReference = C5EAAEB42E539AB400E196CD /* WatchNiceDemo Watch App.app */;
			productType = "com.apple.product-type.application";
		};
/* End PBXNativeTarget section */

/* Begin PBXProject section */
		C549FE992E41156F003E3C99 /* Project object */ = {
			isa = PBXProject;
			attributes = {
				BuildIndependentTargetsInParallel = 1;
				LastSwiftUpdateCheck = 2600;
				LastUpgradeCheck = 1640;
				TargetAttributes = {
					C549FEA02E41156F003E3C99 = {
						CreatedOnToolsVersion = 16.4;
					};
					C5984F6C2E8FE05A000BFEA3 = {
						CreatedOnToolsVersion = 26.0;
						TestTargetID = C549FEA02E41156F003E3C99;
					};
					C5EAAEB32E539AB400E196CD = {
						CreatedOnToolsVersion = 16.4;
					};
				};
			};
			buildConfigurationList = C549FE9C2E41156F003E3C99 /* Build configuration list for PBXProject "NiceDemo-SwiftUI" */;
			developmentRegion = en;
			hasScannedForEncodings = 0;
			knownRegions = (
				en,
				Base,
			);
			mainGroup = C549FE982E41156F003E3C99;
			minimizedProjectReferenceProxies = 1;
			packageReferences = (
				C549FEDC2E4129A1003E3C99 /* XCRemoteSwiftPackageReference "AppRouter" */,
				C57FC69B2E4D19D3005A8991 /* XCRemoteSwiftPackageReference "swiftui-cached-async-image" */,
				C5CB77632E8DA63700F14960 /* XCRemoteSwiftPackageReference "swift-composable-architecture" */,
			);
			preferredProjectObjectVersion = 77;
			productRefGroup = C549FEA22E41156F003E3C99 /* Products */;
			projectDirPath = "";
			projectRoot = "";
			targets = (
				C549FEA02E41156F003E3C99 /* NiceDemo-SwiftUI */,
				C5EAAEB32E539AB400E196CD /* WatchNiceDemo Watch App */,
				C5984F6C2E8FE05A000BFEA3 /* NiceDemo-SwiftUITests */,
			);
		};
/* End PBXProject section */

/* Begin PBXResourcesBuildPhase section */
		C549FE9F2E41156F003E3C99 /* Resources */ = {
			isa = PBXResourcesBuildPhase;
			buildActionMask = 2147483647;
			files = (
				C5CD42482E43AF29005CE23B /* Paperlogy-Bold.ttf in Resources */,
				C5CD42492E43AF29005CE23B /* Paperlogy-Medium.ttf in Resources */,
				C5CD424A2E43AF29005CE23B /* Paperlogy-Regular.ttf in Resources */,
				C5CD424B2E43AF29005CE23B /* Paperlogy-SemiBold.ttf in Resources */,
				C5CD424C2E43AF29005CE23B /* Assets.xcassets in Resources */,
			);
			runOnlyForDeploymentPostprocessing = 0;
		};
		C5984F6B2E8FE05A000BFEA3 /* Resources */ = {
			isa = PBXResourcesBuildPhase;
			buildActionMask = 2147483647;
			files = (
			);
			runOnlyForDeploymentPostprocessing = 0;
		};
		C5EAAEB22E539AB400E196CD /* Resources */ = {
			isa = PBXResourcesBuildPhase;
			buildActionMask = 2147483647;
			files = (
				C5EAAECD2E539C8000E196CD /* Paperlogy-Regular.ttf in Resources */,
				C5EAAECE2E539C8000E196CD /* Paperlogy-Medium.ttf in Resources */,
				C5EAAECF2E539C8000E196CD /* Paperlogy-SemiBold.ttf in Resources */,
				C5C739DC2E5991EA00C517A9 /* WatchNiceDemo-Watch-App-Info.plist in Resources */,
				C5EAAED02E539C8000E196CD /* Paperlogy-Bold.ttf in Resources */,
				C5B273432E54B6B700B42907 /* Assets.xcassets in Resources */,
				C5EAAEC92E539ACC00E196CD /* Assets.xcassets in Resources */,
			);
			runOnlyForDeploymentPostprocessing = 0;
		};
/* End PBXResourcesBuildPhase section */

/* Begin PBXSourcesBuildPhase section */
		C549FE9D2E41156F003E3C99 /* Sources */ = {
			isa = PBXSourcesBuildPhase;
			buildActionMask = 2147483647;
			files = (
				C5CD424E2E43AF29005CE23B /* AppRootManager.swift in Sources */,
				C5EAAEF42E53AD0F00E196CD /* WCService.swift in Sources */,
				C5984F862E904FAF000BFEA3 /* SignInFeature+Dependencies.swift in Sources */,
				C533A8C82E5633DE00EEE267 /* FavoriteBreedsPayload.swift in Sources */,
				C57FC6A12E4E41AF005A8991 /* AnimationDuration.swift in Sources */,
				C5CD424F2E43AF29005CE23B /* AuthRouting.swift in Sources */,
				C5CD42502E43AF29005CE23B /* Color+Extension.swift in Sources */,
				C5CD42512E43AF29005CE23B /* Dog.swift in Sources */,
				C5CD42522E43AF29005CE23B /* ForgotPasswordView.swift in Sources */,
				C5CD42532E43AF29005CE23B /* SignInView.swift in Sources */,
				C5CD42552E43AF29005CE23B /* DogRowView.swift in Sources */,
				C5CD42562E43AF29005CE23B /* DogsListView.swift in Sources */,
				C5A49F7C2E92629700C3BFA0 /* DogsListFilter.swift in Sources */,
				C513E7F92E96E303002F958A /* DogGalleryFeature.swift in Sources */,
				C5CD42722E43AFE0005CE23B /* DogsListContract.swift in Sources */,
				C5D8873B2E4881FA00169957 /* DogCardView.swift in Sources */,
				C5BC76392E44FFEA007D70F1 /* DogDetailsView+ViewModel.swift in Sources */,
				C533A8CB2E5634B600EEE267 /* FavoriteBreedsStorageInterface.swift in Sources */,
				C5A49F7A2E9183FA00C3BFA0 /* DogsListFeature+Dependencies.swift in Sources */,
				C596B5BB2E57513D0071A932 /* WatchFavoriteBreedsConnectivity.swift in Sources */,
				C5CD42572E43AF29005CE23B /* StartView.swift in Sources */,
				C5D8873F2E4885D400169957 /* DogCardContract.swift in Sources */,
				C51AB3112E4A3093002149F3 /* GetBreedRandomImagesServerResponse.swift in Sources */,
				C5CD42592E43AF29005CE23B /* UserCredentialsStorage+Interfaces.swift in Sources */,
				C533A8C52E5631BC00EEE267 /* FavoriteBreedsSyncService.swift in Sources */,
				C5CD425A2E43AF29005CE23B /* UserCredentialsStoring.swift in Sources */,
				C5CD425B2E43AF29005CE23B /* UserCredentialsStorage.swift in Sources */,
				C5D887432E488BED00169957 /* DogGalleryView.swift in Sources */,
				C5CD425C2E43AF29005CE23B /* UserDefaultsLayer.swift in Sources */,
				C5CD425D2E43AF29005CE23B /* DogsEndpoint.swift in Sources */,
				C5CB77682E8E6F2400F14960 /* StartFeature.swift in Sources */,
				C5CD425E2E43AF29005CE23B /* Endpoint.swift in Sources */,
				C5CD425F2E43AF29005CE23B /* DogsNetworkService.swift in Sources */,
				C5CD42602E43AF29005CE23B /* BaseResponse.swift in Sources */,
				C513E8032E97BBEC002F958A /* DogCardFeature+Dependencies.swift in Sources */,
				C56E6B822E4F89480064490A /* GalleryCellView.swift in Sources */,
				C5CD42612E43AF29005CE23B /* GetAllDogsServerResponse.swift in Sources */,
				C5CD42622E43AF29005CE23B /* GetRandomDogImageServerResponse.swift in Sources */,
				C5CD42782E43C542005CE23B /* LoadingDogRowView.swift in Sources */,
				C57FC69F2E4DDA23005A8991 /* DogDetailsView+Extensions.swift in Sources */,
				C5CD42632E43AF29005CE23B /* HTTPMethod.swift in Sources */,
				C5447CFC2E950A92007446D7 /* ForgotPasswordFeature.swift in Sources */,
				C57E23CB2E97D05100C2513E /* SimpleDataLoader.swift in Sources */,
				C5CD42762E43B1A8005CE23B /* FavoriteDogBreedsStoring.swift in Sources */,
				C5CD42642E43AF29005CE23B /* HTTPTask.swift in Sources */,
				C533A8C22E5603FB00EEE267 /* WatchSignInConnectivityInterface.swift in Sources */,
				C5CD42742E43B182005CE23B /* FavoriteDogBreedsStorage.swift in Sources */,
				C5CD42652E43AF29005CE23B /* NetworkError.swift in Sources */,
				C5CD42662E43AF29005CE23B /* NetworkService.swift in Sources */,
				C5A49F732E91718600C3BFA0 /* DogsListFeature.swift in Sources */,
				C5984F842E903F76000BFEA3 /* SignInFeature.swift in Sources */,
				C5CD42672E43AF29005CE23B /* Validator.swift in Sources */,
				C5CD42682E43AF29005CE23B /* Colors.swift in Sources */,
				C5B273452E54BDDB00B42907 /* SignInViewContract.swift in Sources */,
				C5BC763D2E451E8A007D70F1 /* DogsRouting.swift in Sources */,
				C5CD42692E43AF29005CE23B /* Font+Paperlogy.swift in Sources */,
				C5CD426A2E43AF29005CE23B /* Constants.swift in Sources */,
				C51AB3132E4A311B002149F3 /* DogGalleryContract.swift in Sources */,
				C5CD426B2E43AF29005CE23B /* GridLayout.swift in Sources */,
				C5D887412E48873100169957 /* SegmentedUnderlineTabs.swift in Sources */,
				C57E23CF2E9918ED00C2513E /* PhotoLibraryService.swift in Sources */,
				C5A49F662E912C0500C3BFA0 /* SignInCredentials.swift in Sources */,
				C5A49F632E912BB300C3BFA0 /* SignInEnvironment.swift in Sources */,
				C513E7F82E96E2FF002F958A /* DogGalleryFeature+Dependencies.swift in Sources */,
				C5CD426C2E43AF29005CE23B /* FavoriteButton.swift in Sources */,
				C5BC763B2E4502B5007D70F1 /* DogDetailsContract.swift in Sources */,
				C5CB776A2E8E7B5700F14960 /* StartFeature+Dependencies.swift in Sources */,
				C5CD426D2E43AF29005CE23B /* SeparatorView.swift in Sources */,
				C5BC76372E44FDA3007D70F1 /* DogDetailsView.swift in Sources */,
				C5CD426E2E43AF29005CE23B /* NiceDemo_SwiftUIApp.swift in Sources */,
				C5447CFE2E950B9E007446D7 /* ForgotPasswordEnvironment.swift in Sources */,
				C513E8012E97B648002F958A /* DogCardFeature.swift in Sources */,
			);
			runOnlyForDeploymentPostprocessing = 0;
		};
		C5984F692E8FE05A000BFEA3 /* Sources */ = {
			isa = PBXSourcesBuildPhase;
			buildActionMask = 2147483647;
			files = (
				C5984F7F2E8FE0CA000BFEA3 /* StartFeatureTests.swift in Sources */,
				C57E23D12E99254000C2513E /* MockDogCardPhotoLibraryInterface.swift in Sources */,
				C5296AC12E93F26000F22945 /* MockDogsListNetwork.swift in Sources */,
				C513E8082E97CDB7002F958A /* MockDogCardNetwork.swift in Sources */,
				C5296AC32E93F52100F22945 /* MockDogsListFavoriteStorage.swift in Sources */,
				C5984F802E8FE0F5000BFEA3 /* MockUserCredentialsFetching.swift in Sources */,
				C513E7FF2E97A973002F958A /* MockDogGalleryNetwork.swift in Sources */,
				C513E8062E97CD1C002F958A /* DogCardFeatureTests.swift in Sources */,
				C5A49F6E2E913AF900C3BFA0 /* SignInFeatureTests.swift in Sources */,
				C5296ABF2E93F20E00F22945 /* DogsListFeatureTests.swift in Sources */,
				C5984F812E8FE100000BFEA3 /* MockFavoriteBreedsSyncService.swift in Sources */,
				C5296AC92E94138200F22945 /* MockFavoriteBreedsStorageInterface.swift in Sources */,
				C57E23CD2E97D24000C2513E /* MockDogCardURLSession.swift in Sources */,
				C513E7FC2E97A3EB002F958A /* DogGalleryFeatureTests.swift in Sources */,
				C5296AC72E9411F800F22945 /* MockWatchFavoriteBreedsConnectivity.swift in Sources */,
				C5984F822E8FE108000BFEA3 /* MockPhoneSignInConnectivityService.swift in Sources */,
				C5A49F702E913B3F00C3BFA0 /* MockUserCredentialsUpdating.swift in Sources */,
			);
			runOnlyForDeploymentPostprocessing = 0;
		};
		C5EAAEB02E539AB400E196CD /* Sources */ = {
			isa = PBXSourcesBuildPhase;
			buildActionMask = 2147483647;
			files = (
				C5EAAED52E539CA600E196CD /* DogsRouting.swift in Sources */,
				C5B273642E54F9F500B42907 /* DogDetailsContract.swift in Sources */,
				C5EAAEF52E53AD0F00E196CD /* WCService.swift in Sources */,
				C5EAAED72E539CAA00E196CD /* Color+Extension.swift in Sources */,
				C5B273512E54CEF800B42907 /* FavoriteDogBreedsStorage.swift in Sources */,
				C5B2735A2E54CF2100B42907 /* Endpoint.swift in Sources */,
				C5A49F792E9183FA00C3BFA0 /* DogsListFeature+Dependencies.swift in Sources */,
				C5B2735B2E54CF2100B42907 /* DogsEndpoint.swift in Sources */,
				C5EAAED62E539CA600E196CD /* AppRootManager.swift in Sources */,
				C5984F4A2E8E86A6000BFEA3 /* StartFeature+Dependencies.swift in Sources */,
				C5EAAEF22E53ABC200E196CD /* SignInView+ViewModel.swift in Sources */,
				C5EAAEDE2E539D9F00E196CD /* AuthRouting.swift in Sources */,
				C5B2734B2E54CED300B42907 /* DogsListContract.swift in Sources */,
				C5B2734C2E54CED300B42907 /* LoadingDogRowView.swift in Sources */,
				C5A49F742E91718600C3BFA0 /* DogsListFeature.swift in Sources */,
				C533A8C32E5603FB00EEE267 /* WatchSignInConnectivityInterface.swift in Sources */,
				C5B2734E2E54CED300B42907 /* DogsListView.swift in Sources */,
				C5B2734F2E54CED300B42907 /* DogRowView.swift in Sources */,
				C5984F492E8E86A2000BFEA3 /* StartFeature.swift in Sources */,
				C5EAAECC2E539C8000E196CD /* Font+Paperlogy.swift in Sources */,
				C5EAAEEE2E539F0E00E196CD /* UserCredentialsStorage+Interfaces.swift in Sources */,
				C5EAAED12E539C8600E196CD /* Colors.swift in Sources */,
				C533A8C62E5631BC00EEE267 /* FavoriteBreedsSyncService.swift in Sources */,
				C5EAAED22E539C9800E196CD /* Constants.swift in Sources */,
				C5EAAEEA2E539ECB00E196CD /* UserCredentialsStorage.swift in Sources */,
				C5EAAEEB2E539ED600E196CD /* UserDefaultsLayer.swift in Sources */,
				C5B2735C2E54CF3600B42907 /* FavoriteDogBreedsStoring.swift in Sources */,
				C5B273632E54ED2500B42907 /* DogDetailsView+ViewModel.swift in Sources */,
				C5B2735D2E54CF7200B42907 /* SeparatorView.swift in Sources */,
				C5B2735E2E54CF7200B42907 /* FavoriteButton.swift in Sources */,
				C5B273562E54CF1B00B42907 /* GetBreedRandomImagesServerResponse.swift in Sources */,
				C5B273572E54CF1B00B42907 /* GetAllDogsServerResponse.swift in Sources */,
				C5A49F652E912C0500C3BFA0 /* SignInCredentials.swift in Sources */,
				C5B273582E54CF1B00B42907 /* BaseResponse.swift in Sources */,
				C5B273592E54CF1B00B42907 /* GetRandomDogImageServerResponse.swift in Sources */,
				C5EAAEEF2E539F2F00E196CD /* StartView.swift in Sources */,
				C5B273612E54ED1F00B42907 /* DogDetailsView.swift in Sources */,
				C5EAAED32E539C9800E196CD /* GridLayout.swift in Sources */,
				C5EAAED42E539C9800E196CD /* AnimationDuration.swift in Sources */,
				C5EAAEDD2E539CFC00E196CD /* Dog.swift in Sources */,
				C5984F4B2E8E870F000BFEA3 /* SignInViewContract.swift in Sources */,
				C5B273502E54CEF100B42907 /* DogsNetworkService.swift in Sources */,
				C5EAAECA2E539C4400E196CD /* NiceDemo_SwiftUIApp.swift in Sources */,
				C533A8C92E5633DE00EEE267 /* FavoriteBreedsPayload.swift in Sources */,
				C5B273522E54CF1600B42907 /* HTTPMethod.swift in Sources */,
				C533A8CC2E5634B600EEE267 /* FavoriteBreedsStorageInterface.swift in Sources */,
				C5B273532E54CF1600B42907 /* NetworkError.swift in Sources */,
				C5A49F7D2E92629700C3BFA0 /* DogsListFilter.swift in Sources */,
				C5B273542E54CF1600B42907 /* NetworkService.swift in Sources */,
				C5B273552E54CF1600B42907 /* HTTPTask.swift in Sources */,
				C5EAAEEC2E539EDF00E196CD /* UserCredentialsStoring.swift in Sources */,
				C5EAAEE32E539DC100E196CD /* SignInView.swift in Sources */,
				C596B5BC2E57513D0071A932 /* WatchFavoriteBreedsConnectivity.swift in Sources */,
			);
			runOnlyForDeploymentPostprocessing = 0;
		};
/* End PBXSourcesBuildPhase section */

/* Begin PBXTargetDependency section */
		C5984F722E8FE05A000BFEA3 /* PBXTargetDependency */ = {
			isa = PBXTargetDependency;
			target = C549FEA02E41156F003E3C99 /* NiceDemo-SwiftUI */;
			targetProxy = C5984F712E8FE05A000BFEA3 /* PBXContainerItemProxy */;
		};
		C5EAAEBD2E539AB600E196CD /* PBXTargetDependency */ = {
			isa = PBXTargetDependency;
			target = C5EAAEB32E539AB400E196CD /* WatchNiceDemo Watch App */;
			targetProxy = C5EAAEBC2E539AB600E196CD /* PBXContainerItemProxy */;
		};
/* End PBXTargetDependency section */

/* Begin XCBuildConfiguration section */
		C549FEAA2E411570003E3C99 /* Debug */ = {
			isa = XCBuildConfiguration;
			buildSettings = {
				ALWAYS_SEARCH_USER_PATHS = NO;
				ASSETCATALOG_COMPILER_GENERATE_SWIFT_ASSET_SYMBOL_EXTENSIONS = YES;
				CLANG_ANALYZER_NONNULL = YES;
				CLANG_ANALYZER_NUMBER_OBJECT_CONVERSION = YES_AGGRESSIVE;
				CLANG_CXX_LANGUAGE_STANDARD = "gnu++20";
				CLANG_ENABLE_MODULES = YES;
				CLANG_ENABLE_OBJC_ARC = YES;
				CLANG_ENABLE_OBJC_WEAK = YES;
				CLANG_WARN_BLOCK_CAPTURE_AUTORELEASING = YES;
				CLANG_WARN_BOOL_CONVERSION = YES;
				CLANG_WARN_COMMA = YES;
				CLANG_WARN_CONSTANT_CONVERSION = YES;
				CLANG_WARN_DEPRECATED_OBJC_IMPLEMENTATIONS = YES;
				CLANG_WARN_DIRECT_OBJC_ISA_USAGE = YES_ERROR;
				CLANG_WARN_DOCUMENTATION_COMMENTS = YES;
				CLANG_WARN_EMPTY_BODY = YES;
				CLANG_WARN_ENUM_CONVERSION = YES;
				CLANG_WARN_INFINITE_RECURSION = YES;
				CLANG_WARN_INT_CONVERSION = YES;
				CLANG_WARN_NON_LITERAL_NULL_CONVERSION = YES;
				CLANG_WARN_OBJC_IMPLICIT_RETAIN_SELF = YES;
				CLANG_WARN_OBJC_LITERAL_CONVERSION = YES;
				CLANG_WARN_OBJC_ROOT_CLASS = YES_ERROR;
				CLANG_WARN_QUOTED_INCLUDE_IN_FRAMEWORK_HEADER = YES;
				CLANG_WARN_RANGE_LOOP_ANALYSIS = YES;
				CLANG_WARN_STRICT_PROTOTYPES = YES;
				CLANG_WARN_SUSPICIOUS_MOVE = YES;
				CLANG_WARN_UNGUARDED_AVAILABILITY = YES_AGGRESSIVE;
				CLANG_WARN_UNREACHABLE_CODE = YES;
				CLANG_WARN__DUPLICATE_METHOD_MATCH = YES;
				COPY_PHASE_STRIP = NO;
				DEBUG_INFORMATION_FORMAT = dwarf;
				DEVELOPMENT_TEAM = B375T6ZNZC;
				ENABLE_STRICT_OBJC_MSGSEND = YES;
				ENABLE_TESTABILITY = YES;
				ENABLE_USER_SCRIPT_SANDBOXING = YES;
				GCC_C_LANGUAGE_STANDARD = gnu17;
				GCC_DYNAMIC_NO_PIC = NO;
				GCC_NO_COMMON_BLOCKS = YES;
				GCC_OPTIMIZATION_LEVEL = 0;
				GCC_PREPROCESSOR_DEFINITIONS = (
					"DEBUG=1",
					"$(inherited)",
				);
				GCC_WARN_64_TO_32_BIT_CONVERSION = YES;
				GCC_WARN_ABOUT_RETURN_TYPE = YES_ERROR;
				GCC_WARN_UNDECLARED_SELECTOR = YES;
				GCC_WARN_UNINITIALIZED_AUTOS = YES_AGGRESSIVE;
				GCC_WARN_UNUSED_FUNCTION = YES;
				GCC_WARN_UNUSED_VARIABLE = YES;
				IPHONEOS_DEPLOYMENT_TARGET = 18.5;
				LOCALIZATION_PREFERS_STRING_CATALOGS = YES;
				MTL_ENABLE_DEBUG_INFO = INCLUDE_SOURCE;
				MTL_FAST_MATH = YES;
				ONLY_ACTIVE_ARCH = YES;
				SDKROOT = iphoneos;
				SWIFT_ACTIVE_COMPILATION_CONDITIONS = "DEBUG $(inherited)";
				SWIFT_OPTIMIZATION_LEVEL = "-Onone";
			};
			name = Debug;
		};
		C549FEAB2E411570003E3C99 /* Release */ = {
			isa = XCBuildConfiguration;
			buildSettings = {
				ALWAYS_SEARCH_USER_PATHS = NO;
				ASSETCATALOG_COMPILER_GENERATE_SWIFT_ASSET_SYMBOL_EXTENSIONS = YES;
				CLANG_ANALYZER_NONNULL = YES;
				CLANG_ANALYZER_NUMBER_OBJECT_CONVERSION = YES_AGGRESSIVE;
				CLANG_CXX_LANGUAGE_STANDARD = "gnu++20";
				CLANG_ENABLE_MODULES = YES;
				CLANG_ENABLE_OBJC_ARC = YES;
				CLANG_ENABLE_OBJC_WEAK = YES;
				CLANG_WARN_BLOCK_CAPTURE_AUTORELEASING = YES;
				CLANG_WARN_BOOL_CONVERSION = YES;
				CLANG_WARN_COMMA = YES;
				CLANG_WARN_CONSTANT_CONVERSION = YES;
				CLANG_WARN_DEPRECATED_OBJC_IMPLEMENTATIONS = YES;
				CLANG_WARN_DIRECT_OBJC_ISA_USAGE = YES_ERROR;
				CLANG_WARN_DOCUMENTATION_COMMENTS = YES;
				CLANG_WARN_EMPTY_BODY = YES;
				CLANG_WARN_ENUM_CONVERSION = YES;
				CLANG_WARN_INFINITE_RECURSION = YES;
				CLANG_WARN_INT_CONVERSION = YES;
				CLANG_WARN_NON_LITERAL_NULL_CONVERSION = YES;
				CLANG_WARN_OBJC_IMPLICIT_RETAIN_SELF = YES;
				CLANG_WARN_OBJC_LITERAL_CONVERSION = YES;
				CLANG_WARN_OBJC_ROOT_CLASS = YES_ERROR;
				CLANG_WARN_QUOTED_INCLUDE_IN_FRAMEWORK_HEADER = YES;
				CLANG_WARN_RANGE_LOOP_ANALYSIS = YES;
				CLANG_WARN_STRICT_PROTOTYPES = YES;
				CLANG_WARN_SUSPICIOUS_MOVE = YES;
				CLANG_WARN_UNGUARDED_AVAILABILITY = YES_AGGRESSIVE;
				CLANG_WARN_UNREACHABLE_CODE = YES;
				CLANG_WARN__DUPLICATE_METHOD_MATCH = YES;
				COPY_PHASE_STRIP = NO;
				DEBUG_INFORMATION_FORMAT = "dwarf-with-dsym";
				DEVELOPMENT_TEAM = B375T6ZNZC;
				ENABLE_NS_ASSERTIONS = NO;
				ENABLE_STRICT_OBJC_MSGSEND = YES;
				ENABLE_USER_SCRIPT_SANDBOXING = YES;
				GCC_C_LANGUAGE_STANDARD = gnu17;
				GCC_NO_COMMON_BLOCKS = YES;
				GCC_WARN_64_TO_32_BIT_CONVERSION = YES;
				GCC_WARN_ABOUT_RETURN_TYPE = YES_ERROR;
				GCC_WARN_UNDECLARED_SELECTOR = YES;
				GCC_WARN_UNINITIALIZED_AUTOS = YES_AGGRESSIVE;
				GCC_WARN_UNUSED_FUNCTION = YES;
				GCC_WARN_UNUSED_VARIABLE = YES;
				IPHONEOS_DEPLOYMENT_TARGET = 18.5;
				LOCALIZATION_PREFERS_STRING_CATALOGS = YES;
				MTL_ENABLE_DEBUG_INFO = NO;
				MTL_FAST_MATH = YES;
				SDKROOT = iphoneos;
				SWIFT_COMPILATION_MODE = wholemodule;
				VALIDATE_PRODUCT = YES;
			};
			name = Release;
		};
		C549FEAD2E411570003E3C99 /* Debug */ = {
			isa = XCBuildConfiguration;
			buildSettings = {
				ASSETCATALOG_COMPILER_APPICON_NAME = AppIcon;
				ASSETCATALOG_COMPILER_GLOBAL_ACCENT_COLOR_NAME = "";
				CODE_SIGN_STYLE = Automatic;
				CURRENT_PROJECT_VERSION = 1;
				DEVELOPMENT_TEAM = B375T6ZNZC;
				ENABLE_PREVIEWS = YES;
				GENERATE_INFOPLIST_FILE = YES;
				INFOPLIST_FILE = "NiceDemo-SwiftUI/Info.plist";
				INFOPLIST_KEY_CFBundleDisplayName = NiceDemo;
				INFOPLIST_KEY_NSPhotoLibraryUsageDescription = "We need access to your photo library to save images.";
				INFOPLIST_KEY_UIApplicationSceneManifest_Generation = YES;
				INFOPLIST_KEY_UIApplicationSupportsIndirectInputEvents = YES;
				INFOPLIST_KEY_UILaunchScreen_Generation = YES;
				INFOPLIST_KEY_UILaunchStoryboardName = "";
				"INFOPLIST_KEY_UILaunchStoryboardName[sdk=*]" = "";
				INFOPLIST_KEY_UISupportedInterfaceOrientations_iPad = "UIInterfaceOrientationPortrait UIInterfaceOrientationPortraitUpsideDown UIInterfaceOrientationLandscapeLeft UIInterfaceOrientationLandscapeRight";
				INFOPLIST_KEY_UISupportedInterfaceOrientations_iPhone = "UIInterfaceOrientationPortrait UIInterfaceOrientationLandscapeLeft UIInterfaceOrientationLandscapeRight";
				INFOPLIST_KEY_UIUserInterfaceStyle = Light;
				LD_RUNPATH_SEARCH_PATHS = (
					"$(inherited)",
					"@executable_path/Frameworks",
				);
				MARKETING_VERSION = 1.0;
				PRODUCT_BUNDLE_IDENTIFIER = "serhii.NiceDemo-SwiftUI";
				PRODUCT_NAME = "$(TARGET_NAME)";
				SWIFT_EMIT_LOC_STRINGS = YES;
				SWIFT_VERSION = 5.0;
				TARGETED_DEVICE_FAMILY = "1,2";
			};
			name = Debug;
		};
		C549FEAE2E411570003E3C99 /* Release */ = {
			isa = XCBuildConfiguration;
			buildSettings = {
				ASSETCATALOG_COMPILER_APPICON_NAME = AppIcon;
				ASSETCATALOG_COMPILER_GLOBAL_ACCENT_COLOR_NAME = "";
				CODE_SIGN_STYLE = Automatic;
				CURRENT_PROJECT_VERSION = 1;
				DEVELOPMENT_TEAM = B375T6ZNZC;
				ENABLE_PREVIEWS = YES;
				GENERATE_INFOPLIST_FILE = YES;
				INFOPLIST_FILE = "NiceDemo-SwiftUI/Info.plist";
				INFOPLIST_KEY_CFBundleDisplayName = NiceDemo;
				INFOPLIST_KEY_NSPhotoLibraryUsageDescription = "We need access to your photo library to save images.";
				INFOPLIST_KEY_UIApplicationSceneManifest_Generation = YES;
				INFOPLIST_KEY_UIApplicationSupportsIndirectInputEvents = YES;
				INFOPLIST_KEY_UILaunchScreen_Generation = YES;
				INFOPLIST_KEY_UILaunchStoryboardName = "";
				INFOPLIST_KEY_UISupportedInterfaceOrientations_iPad = "UIInterfaceOrientationPortrait UIInterfaceOrientationPortraitUpsideDown UIInterfaceOrientationLandscapeLeft UIInterfaceOrientationLandscapeRight";
				INFOPLIST_KEY_UISupportedInterfaceOrientations_iPhone = "UIInterfaceOrientationPortrait UIInterfaceOrientationLandscapeLeft UIInterfaceOrientationLandscapeRight";
				INFOPLIST_KEY_UIUserInterfaceStyle = Light;
				LD_RUNPATH_SEARCH_PATHS = (
					"$(inherited)",
					"@executable_path/Frameworks",
				);
				MARKETING_VERSION = 1.0;
				PRODUCT_BUNDLE_IDENTIFIER = "serhii.NiceDemo-SwiftUI";
				PRODUCT_NAME = "$(TARGET_NAME)";
				SWIFT_EMIT_LOC_STRINGS = YES;
				SWIFT_VERSION = 5.0;
				TARGETED_DEVICE_FAMILY = "1,2";
			};
			name = Release;
		};
		C5984F742E8FE05A000BFEA3 /* Debug */ = {
			isa = XCBuildConfiguration;
			buildSettings = {
				BUNDLE_LOADER = "$(TEST_HOST)";
				CODE_SIGN_STYLE = Automatic;
				CURRENT_PROJECT_VERSION = 1;
				DEVELOPMENT_TEAM = B375T6ZNZC;
				GENERATE_INFOPLIST_FILE = YES;
				IPHONEOS_DEPLOYMENT_TARGET = 18.5;
				MACOSX_DEPLOYMENT_TARGET = 26.0;
				MARKETING_VERSION = 1.0;
				PRODUCT_BUNDLE_IDENTIFIER = "serhii.NiceDemo-SwiftUITests";
				PRODUCT_NAME = "$(TARGET_NAME)";
				SDKROOT = auto;
				STRING_CATALOG_GENERATE_SYMBOLS = NO;
				SUPPORTED_PLATFORMS = "iphoneos iphonesimulator macosx xros xrsimulator";
				SWIFT_APPROACHABLE_CONCURRENCY = YES;
				SWIFT_EMIT_LOC_STRINGS = NO;
				SWIFT_UPCOMING_FEATURE_MEMBER_IMPORT_VISIBILITY = YES;
				SWIFT_VERSION = 5.0;
				TARGETED_DEVICE_FAMILY = "1,2,7";
				TEST_HOST = "$(BUILT_PRODUCTS_DIR)/NiceDemo-SwiftUI.app/$(BUNDLE_EXECUTABLE_FOLDER_PATH)/NiceDemo-SwiftUI";
				XROS_DEPLOYMENT_TARGET = 26.0;
			};
			name = Debug;
		};
		C5984F752E8FE05A000BFEA3 /* Release */ = {
			isa = XCBuildConfiguration;
			buildSettings = {
				BUNDLE_LOADER = "$(TEST_HOST)";
				CODE_SIGN_STYLE = Automatic;
				CURRENT_PROJECT_VERSION = 1;
				DEVELOPMENT_TEAM = B375T6ZNZC;
				GENERATE_INFOPLIST_FILE = YES;
				IPHONEOS_DEPLOYMENT_TARGET = 18.5;
				MACOSX_DEPLOYMENT_TARGET = 26.0;
				MARKETING_VERSION = 1.0;
				PRODUCT_BUNDLE_IDENTIFIER = "serhii.NiceDemo-SwiftUITests";
				PRODUCT_NAME = "$(TARGET_NAME)";
				SDKROOT = auto;
				STRING_CATALOG_GENERATE_SYMBOLS = NO;
				SUPPORTED_PLATFORMS = "iphoneos iphonesimulator macosx xros xrsimulator";
				SWIFT_APPROACHABLE_CONCURRENCY = YES;
				SWIFT_EMIT_LOC_STRINGS = NO;
				SWIFT_UPCOMING_FEATURE_MEMBER_IMPORT_VISIBILITY = YES;
				SWIFT_VERSION = 5.0;
				TARGETED_DEVICE_FAMILY = "1,2,7";
				TEST_HOST = "$(BUILT_PRODUCTS_DIR)/NiceDemo-SwiftUI.app/$(BUNDLE_EXECUTABLE_FOLDER_PATH)/NiceDemo-SwiftUI";
				XROS_DEPLOYMENT_TARGET = 26.0;
			};
			name = Release;
		};
		C5EAAEC02E539AB600E196CD /* Debug */ = {
			isa = XCBuildConfiguration;
			buildSettings = {
				ASSETCATALOG_COMPILER_APPICON_NAME = AppIcon;
				ASSETCATALOG_COMPILER_GLOBAL_ACCENT_COLOR_NAME = "";
				CODE_SIGN_STYLE = Automatic;
				CURRENT_PROJECT_VERSION = 1;
				DEVELOPMENT_TEAM = B375T6ZNZC;
				ENABLE_PREVIEWS = YES;
				GENERATE_INFOPLIST_FILE = YES;
				INFOPLIST_FILE = "WatchNiceDemo Watch App/WatchNiceDemo-Watch-App-Info.plist";
				INFOPLIST_KEY_CFBundleDisplayName = WatchNiceDemo;
				INFOPLIST_KEY_UISupportedInterfaceOrientations = "UIInterfaceOrientationPortrait UIInterfaceOrientationPortraitUpsideDown";
				INFOPLIST_KEY_UIUserInterfaceStyle = Light;
				INFOPLIST_KEY_WKCompanionAppBundleIdentifier = "serhii.NiceDemo-SwiftUI";
				LD_RUNPATH_SEARCH_PATHS = (
					"$(inherited)",
					"@executable_path/Frameworks",
				);
				MARKETING_VERSION = 1.0;
				PRODUCT_BUNDLE_IDENTIFIER = "serhii.NiceDemo-SwiftUI.watchkitapp";
				PRODUCT_NAME = "$(TARGET_NAME)";
				SDKROOT = watchos;
				SKIP_INSTALL = YES;
				SWIFT_EMIT_LOC_STRINGS = YES;
				SWIFT_VERSION = 5.0;
				TARGETED_DEVICE_FAMILY = 4;
				WATCHOS_DEPLOYMENT_TARGET = 11.5;
			};
			name = Debug;
		};
		C5EAAEC12E539AB600E196CD /* Release */ = {
			isa = XCBuildConfiguration;
			buildSettings = {
				ASSETCATALOG_COMPILER_APPICON_NAME = AppIcon;
				ASSETCATALOG_COMPILER_GLOBAL_ACCENT_COLOR_NAME = "";
				CODE_SIGN_STYLE = Automatic;
				CURRENT_PROJECT_VERSION = 1;
				DEVELOPMENT_TEAM = B375T6ZNZC;
				ENABLE_PREVIEWS = YES;
				GENERATE_INFOPLIST_FILE = YES;
				INFOPLIST_FILE = "WatchNiceDemo Watch App/WatchNiceDemo-Watch-App-Info.plist";
				INFOPLIST_KEY_CFBundleDisplayName = WatchNiceDemo;
				INFOPLIST_KEY_UISupportedInterfaceOrientations = "UIInterfaceOrientationPortrait UIInterfaceOrientationPortraitUpsideDown";
				INFOPLIST_KEY_UIUserInterfaceStyle = Light;
				INFOPLIST_KEY_WKCompanionAppBundleIdentifier = "serhii.NiceDemo-SwiftUI";
				LD_RUNPATH_SEARCH_PATHS = (
					"$(inherited)",
					"@executable_path/Frameworks",
				);
				MARKETING_VERSION = 1.0;
				PRODUCT_BUNDLE_IDENTIFIER = "serhii.NiceDemo-SwiftUI.watchkitapp";
				PRODUCT_NAME = "$(TARGET_NAME)";
				SDKROOT = watchos;
				SKIP_INSTALL = YES;
				SWIFT_EMIT_LOC_STRINGS = YES;
				SWIFT_VERSION = 5.0;
				TARGETED_DEVICE_FAMILY = 4;
				WATCHOS_DEPLOYMENT_TARGET = 11.5;
			};
			name = Release;
		};
/* End XCBuildConfiguration section */

/* Begin XCConfigurationList section */
		C549FE9C2E41156F003E3C99 /* Build configuration list for PBXProject "NiceDemo-SwiftUI" */ = {
			isa = XCConfigurationList;
			buildConfigurations = (
				C549FEAA2E411570003E3C99 /* Debug */,
				C549FEAB2E411570003E3C99 /* Release */,
			);
			defaultConfigurationIsVisible = 0;
			defaultConfigurationName = Release;
		};
		C549FEAC2E411570003E3C99 /* Build configuration list for PBXNativeTarget "NiceDemo-SwiftUI" */ = {
			isa = XCConfigurationList;
			buildConfigurations = (
				C549FEAD2E411570003E3C99 /* Debug */,
				C549FEAE2E411570003E3C99 /* Release */,
			);
			defaultConfigurationIsVisible = 0;
			defaultConfigurationName = Release;
		};
		C5984F732E8FE05A000BFEA3 /* Build configuration list for PBXNativeTarget "NiceDemo-SwiftUITests" */ = {
			isa = XCConfigurationList;
			buildConfigurations = (
				C5984F742E8FE05A000BFEA3 /* Debug */,
				C5984F752E8FE05A000BFEA3 /* Release */,
			);
			defaultConfigurationIsVisible = 0;
			defaultConfigurationName = Release;
		};
		C5EAAEC22E539AB600E196CD /* Build configuration list for PBXNativeTarget "WatchNiceDemo Watch App" */ = {
			isa = XCConfigurationList;
			buildConfigurations = (
				C5EAAEC02E539AB600E196CD /* Debug */,
				C5EAAEC12E539AB600E196CD /* Release */,
			);
			defaultConfigurationIsVisible = 0;
			defaultConfigurationName = Release;
		};
/* End XCConfigurationList section */

/* Begin XCRemoteSwiftPackageReference section */
		C549FEDC2E4129A1003E3C99 /* XCRemoteSwiftPackageReference "AppRouter" */ = {
			isa = XCRemoteSwiftPackageReference;
			repositoryURL = "https://github.com/dimillian/AppRouter.git";
			requirement = {
				kind = upToNextMajorVersion;
				minimumVersion = 1.0.2;
			};
		};
		C57FC69B2E4D19D3005A8991 /* XCRemoteSwiftPackageReference "swiftui-cached-async-image" */ = {
			isa = XCRemoteSwiftPackageReference;
			repositoryURL = "https://github.com/lorenzofiamingo/swiftui-cached-async-image";
			requirement = {
				kind = upToNextMajorVersion;
				minimumVersion = 2.1.1;
			};
		};
		C5CB77632E8DA63700F14960 /* XCRemoteSwiftPackageReference "swift-composable-architecture" */ = {
			isa = XCRemoteSwiftPackageReference;
			repositoryURL = "https://github.com/pointfreeco/swift-composable-architecture";
			requirement = {
				kind = upToNextMajorVersion;
				minimumVersion = 1.22.3;
			};
		};
/* End XCRemoteSwiftPackageReference section */

/* Begin XCSwiftPackageProductDependency section */
		C549FEDD2E4129A1003E3C99 /* AppRouter */ = {
			isa = XCSwiftPackageProductDependency;
			package = C549FEDC2E4129A1003E3C99 /* XCRemoteSwiftPackageReference "AppRouter" */;
			productName = AppRouter;
		};
		C57FC69C2E4D19D3005A8991 /* CachedAsyncImage */ = {
			isa = XCSwiftPackageProductDependency;
			package = C57FC69B2E4D19D3005A8991 /* XCRemoteSwiftPackageReference "swiftui-cached-async-image" */;
			productName = CachedAsyncImage;
		};
		C5984F472E8E866A000BFEA3 /* ComposableArchitecture */ = {
			isa = XCSwiftPackageProductDependency;
			package = C5CB77632E8DA63700F14960 /* XCRemoteSwiftPackageReference "swift-composable-architecture" */;
			productName = ComposableArchitecture;
		};
		C5CB77642E8DA63700F14960 /* ComposableArchitecture */ = {
			isa = XCSwiftPackageProductDependency;
			package = C5CB77632E8DA63700F14960 /* XCRemoteSwiftPackageReference "swift-composable-architecture" */;
			productName = ComposableArchitecture;
		};
		C5EAAED92E539CE200E196CD /* AppRouter */ = {
			isa = XCSwiftPackageProductDependency;
			package = C549FEDC2E4129A1003E3C99 /* XCRemoteSwiftPackageReference "AppRouter" */;
			productName = AppRouter;
		};
		C5EAAEDB2E539CE200E196CD /* CachedAsyncImage */ = {
			isa = XCSwiftPackageProductDependency;
			package = C57FC69B2E4D19D3005A8991 /* XCRemoteSwiftPackageReference "swiftui-cached-async-image" */;
			productName = CachedAsyncImage;
		};
/* End XCSwiftPackageProductDependency section */
	};
	rootObject = C549FE992E41156F003E3C99 /* Project object */;
}
